{
  "object": {
    "pins": [
      {
        "package": "SPIManifest",
        "repositoryURL": "https://github.com/SwiftPackageIndex/SPIManifest.git",
        "state": {
          "branch": null,
          "revision": "59b957c55c274ae08da9aaa36efcaac3fb7a326c",
          "version": "0.19.0"
        }
      },
      {
        "package": "swift-markdown-ui",
        "repositoryURL": "https://github.com/gonzalezreal/swift-markdown-ui.git",
        "state": {
          "branch": null,
          "revision": "12b351a75201a8124c2f2e1f9fc6ef5cd812c0b9",
          "version": "2.1.0"
        }
      },
      {
        "package": "Yams",
        "repositoryURL": "https://github.com/jpsim/Yams.git",
        "state": {
          "branch": null,
          "revision": "0d9ee7ea8c4ebd4a489ad7a73d5c6cad55d6fed3",
          "version": "5.0.6"
        }
      }
    ]
  },
  "version": 1
}
