PODS:
  - Flutter (3.3.400)

DEPENDENCIES:
  - Flutter (from `Flutter/Debug/Flutter.podspec`)

EXTERNAL SOURCES:
  Flutter:
    :podspec: Flutter/Debug/Flutter.podspec

SPEC CHECKSUMS:
  Flutter: 6d996877cfc4facd0a14b56954ebec5e1989616c

PODFILE CHECKSUM: dd5b997b50b7e1359fbbd4d093cd6a7f3354b4d6

COCOAPODS: 1.11.3
