// !$*UTF8*$!
{
	archiveVersion = 1;
	classes = {
	};
	objectVersion = 55;
	objects = {

/* Begin PBXBuildFile section */
		3F2357187391E06AA4EEAFFE /* Pods_tiki_sdk_ios.framework in Frameworks */ = {isa = PBXBuildFile; fileRef = 5BD5B6C7E70F88E04C92309B /* Pods_tiki_sdk_ios.framework */; };
		895A85CB523B92E2034D82F7 /* Pods_tiki_sdk_ios_tiki_sdk_iosTests.framework in Frameworks */ = {isa = PBXBuildFile; fileRef = D970AA70AA7655367A93397D /* Pods_tiki_sdk_ios_tiki_sdk_iosTests.framework */; };
		8C1CB63928F74340009B4290 /* tiki_sdk_ios.docc in Sources */ = {isa = PBXBuildFile; fileRef = 8C1CB63828F74340009B4290 /* tiki_sdk_ios.docc */; };
		8C1CB63F28F74340009B4290 /* tiki_sdk_ios.framework in Frameworks */ = {isa = PBXBuildFile; fileRef = 8C1CB63428F74340009B4290 /* tiki_sdk_ios.framework */; };
		8C1CB64428F74340009B4290 /* tiki_sdk_iosTests.swift in Sources */ = {isa = PBXBuildFile; fileRef = 8C1CB64328F74340009B4290 /* tiki_sdk_iosTests.swift */; };
		8C1CB64528F74340009B4290 /* tiki_sdk_ios.h in Headers */ = {isa = PBXBuildFile; fileRef = 8C1CB63728F74340009B4290 /* tiki_sdk_ios.h */; settings = {ATTRIBUTES = (Public, ); }; };
		8C1CB64F28F743DE009B4290 /* Podfile in Resources */ = {isa = PBXBuildFile; fileRef = 8C1CB64E28F743DE009B4290 /* Podfile */; };
		8C1CB65128F7BE47009B4290 /* TikiSdk.swift in Sources */ = {isa = PBXBuildFile; fileRef = 8C1CB65028F7BE46009B4290 /* TikiSdk.swift */; };
/* End PBXBuildFile section */

/* Begin PBXContainerItemProxy section */
		8C1CB64028F74340009B4290 /* PBXContainerItemProxy */ = {
			isa = PBXContainerItemProxy;
			containerPortal = 8C1CB62B28F74340009B4290 /* Project object */;
			proxyType = 1;
			remoteGlobalIDString = 8C1CB63328F74340009B4290;
			remoteInfo = tiki_sdk_ios;
		};
/* End PBXContainerItemProxy section */

/* Begin PBXFileReference section */
		3A86A196ABDABDDB286ED0E1 /* Pods-tiki_sdk_ios.debug.xcconfig */ = {isa = PBXFileReference; includeInIndex = 1; lastKnownFileType = text.xcconfig; name = "Pods-tiki_sdk_ios.debug.xcconfig"; path = "Target Support Files/Pods-tiki_sdk_ios/Pods-tiki_sdk_ios.debug.xcconfig"; sourceTree = "<group>"; };
		5BD5B6C7E70F88E04C92309B /* Pods_tiki_sdk_ios.framework */ = {isa = PBXFileReference; explicitFileType = wrapper.framework; includeInIndex = 0; path = Pods_tiki_sdk_ios.framework; sourceTree = BUILT_PRODUCTS_DIR; };
		73FA066B6E5BB405FEA126FC /* Pods-tiki_sdk_ios.release.xcconfig */ = {isa = PBXFileReference; includeInIndex = 1; lastKnownFileType = text.xcconfig; name = "Pods-tiki_sdk_ios.release.xcconfig"; path = "Target Support Files/Pods-tiki_sdk_ios/Pods-tiki_sdk_ios.release.xcconfig"; sourceTree = "<group>"; };
		8C10CDF728F9A0780066C782 /* App.xcframework */ = {isa = PBXFileReference; lastKnownFileType = wrapper.xcframework; path = App.xcframework; sourceTree = "<group>"; };
		8C10CDF828F9A0780066C782 /* flutter_secure_storage.xcframework */ = {isa = PBXFileReference; lastKnownFileType = wrapper.xcframework; path = flutter_secure_storage.xcframework; sourceTree = "<group>"; };
		8C10CDF928F9A0780066C782 /* path_provider_ios.xcframework */ = {isa = PBXFileReference; lastKnownFileType = wrapper.xcframework; path = path_provider_ios.xcframework; sourceTree = "<group>"; };
		8C10CDFA28F9A0780066C782 /* sqlite3_flutter_libs.xcframework */ = {isa = PBXFileReference; lastKnownFileType = wrapper.xcframework; path = sqlite3_flutter_libs.xcframework; sourceTree = "<group>"; };
		8C10CDFB28F9A0780066C782 /* tiki_sdk_flutter_plugin.xcframework */ = {isa = PBXFileReference; lastKnownFileType = wrapper.xcframework; path = tiki_sdk_flutter_plugin.xcframework; sourceTree = "<group>"; };
		8C10CDFC28F9A0780066C782 /* FlutterPluginRegistrant.xcframework */ = {isa = PBXFileReference; lastKnownFileType = wrapper.xcframework; path = FlutterPluginRegistrant.xcframework; sourceTree = "<group>"; };
		8C10CDFD28F9A0780066C782 /* Flutter.podspec */ = {isa = PBXFileReference; fileEncoding = 4; lastKnownFileType = text; path = Flutter.podspec; sourceTree = "<group>"; };
		8C10CDFE28F9A0780066C782 /* sqlite3.xcframework */ = {isa = PBXFileReference; lastKnownFileType = wrapper.xcframework; path = sqlite3.xcframework; sourceTree = "<group>"; };
		8C10CDFF28F9A0780066C782 /* integration_test.xcframework */ = {isa = PBXFileReference; lastKnownFileType = wrapper.xcframework; path = integration_test.xcframework; sourceTree = "<group>"; };
		8C10CE0128F9A0780066C782 /* App.xcframework */ = {isa = PBXFileReference; lastKnownFileType = wrapper.xcframework; path = App.xcframework; sourceTree = "<group>"; };
		8C10CE0228F9A0780066C782 /* flutter_secure_storage.xcframework */ = {isa = PBXFileReference; lastKnownFileType = wrapper.xcframework; path = flutter_secure_storage.xcframework; sourceTree = "<group>"; };
		8C10CE0328F9A0780066C782 /* path_provider_ios.xcframework */ = {isa = PBXFileReference; lastKnownFileType = wrapper.xcframework; path = path_provider_ios.xcframework; sourceTree = "<group>"; };
		8C10CE0428F9A0780066C782 /* sqlite3_flutter_libs.xcframework */ = {isa = PBXFileReference; lastKnownFileType = wrapper.xcframework; path = sqlite3_flutter_libs.xcframework; sourceTree = "<group>"; };
		8C10CE0528F9A0780066C782 /* tiki_sdk_flutter_plugin.xcframework */ = {isa = PBXFileReference; lastKnownFileType = wrapper.xcframework; path = tiki_sdk_flutter_plugin.xcframework; sourceTree = "<group>"; };
		8C10CE0628F9A0780066C782 /* FlutterPluginRegistrant.xcframework */ = {isa = PBXFileReference; lastKnownFileType = wrapper.xcframework; path = FlutterPluginRegistrant.xcframework; sourceTree = "<group>"; };
		8C10CE0728F9A0780066C782 /* Flutter.podspec */ = {isa = PBXFileReference; fileEncoding = 4; lastKnownFileType = text; path = Flutter.podspec; sourceTree = "<group>"; };
		8C10CE0828F9A0780066C782 /* sqlite3.xcframework */ = {isa = PBXFileReference; lastKnownFileType = wrapper.xcframework; path = sqlite3.xcframework; sourceTree = "<group>"; };
		8C10CE0928F9A0780066C782 /* integration_test.xcframework */ = {isa = PBXFileReference; lastKnownFileType = wrapper.xcframework; path = integration_test.xcframework; sourceTree = "<group>"; };
		8C10CE0B28F9A0780066C782 /* App.xcframework */ = {isa = PBXFileReference; lastKnownFileType = wrapper.xcframework; path = App.xcframework; sourceTree = "<group>"; };
		8C10CE0C28F9A0780066C782 /* flutter_secure_storage.xcframework */ = {isa = PBXFileReference; lastKnownFileType = wrapper.xcframework; path = flutter_secure_storage.xcframework; sourceTree = "<group>"; };
		8C10CE0D28F9A0780066C782 /* path_provider_ios.xcframework */ = {isa = PBXFileReference; lastKnownFileType = wrapper.xcframework; path = path_provider_ios.xcframework; sourceTree = "<group>"; };
		8C10CE0E28F9A0780066C782 /* sqlite3_flutter_libs.xcframework */ = {isa = PBXFileReference; lastKnownFileType = wrapper.xcframework; path = sqlite3_flutter_libs.xcframework; sourceTree = "<group>"; };
		8C10CE0F28F9A0780066C782 /* tiki_sdk_flutter_plugin.xcframework */ = {isa = PBXFileReference; lastKnownFileType = wrapper.xcframework; path = tiki_sdk_flutter_plugin.xcframework; sourceTree = "<group>"; };
		8C10CE1028F9A0780066C782 /* FlutterPluginRegistrant.xcframework */ = {isa = PBXFileReference; lastKnownFileType = wrapper.xcframework; path = FlutterPluginRegistrant.xcframework; sourceTree = "<group>"; };
		8C10CE1128F9A0780066C782 /* Flutter.podspec */ = {isa = PBXFileReference; fileEncoding = 4; lastKnownFileType = text; path = Flutter.podspec; sourceTree = "<group>"; };
		8C10CE1228F9A0780066C782 /* sqlite3.xcframework */ = {isa = PBXFileReference; lastKnownFileType = wrapper.xcframework; path = sqlite3.xcframework; sourceTree = "<group>"; };
		8C10CE1328F9A0780066C782 /* integration_test.xcframework */ = {isa = PBXFileReference; lastKnownFileType = wrapper.xcframework; path = integration_test.xcframework; sourceTree = "<group>"; };
		8C1CB63428F74340009B4290 /* tiki_sdk_ios.framework */ = {isa = PBXFileReference; explicitFileType = wrapper.framework; includeInIndex = 0; path = tiki_sdk_ios.framework; sourceTree = BUILT_PRODUCTS_DIR; };
		8C1CB63728F74340009B4290 /* tiki_sdk_ios.h */ = {isa = PBXFileReference; lastKnownFileType = sourcecode.c.h; path = tiki_sdk_ios.h; sourceTree = "<group>"; };
		8C1CB63828F74340009B4290 /* tiki_sdk_ios.docc */ = {isa = PBXFileReference; lastKnownFileType = folder.documentationcatalog; path = tiki_sdk_ios.docc; sourceTree = "<group>"; };
		8C1CB63E28F74340009B4290 /* tiki_sdk_iosTests.xctest */ = {isa = PBXFileReference; explicitFileType = wrapper.cfbundle; includeInIndex = 0; path = tiki_sdk_iosTests.xctest; sourceTree = BUILT_PRODUCTS_DIR; };
		8C1CB64328F74340009B4290 /* tiki_sdk_iosTests.swift */ = {isa = PBXFileReference; lastKnownFileType = sourcecode.swift; path = tiki_sdk_iosTests.swift; sourceTree = "<group>"; };
		8C1CB64E28F743DE009B4290 /* Podfile */ = {isa = PBXFileReference; fileEncoding = 4; lastKnownFileType = text; path = Podfile; sourceTree = "<group>"; xcLanguageSpecificationIdentifier = xcode.lang.ruby; };
		8C1CB65028F7BE46009B4290 /* TikiSdk.swift */ = {isa = PBXFileReference; lastKnownFileType = sourcecode.swift; path = TikiSdk.swift; sourceTree = "<group>"; };
		AA13763FC8EEFE0EBA883CC7 /* Pods-tiki_sdk_ios-tiki_sdk_iosTests.release.xcconfig */ = {isa = PBXFileReference; includeInIndex = 1; lastKnownFileType = text.xcconfig; name = "Pods-tiki_sdk_ios-tiki_sdk_iosTests.release.xcconfig"; path = "Target Support Files/Pods-tiki_sdk_ios-tiki_sdk_iosTests/Pods-tiki_sdk_ios-tiki_sdk_iosTests.release.xcconfig"; sourceTree = "<group>"; };
		AD11D76C2D74C88EADF3D873 /* Pods-tiki_sdk_ios-tiki_sdk_iosTests.debug.xcconfig */ = {isa = PBXFileReference; includeInIndex = 1; lastKnownFileType = text.xcconfig; name = "Pods-tiki_sdk_ios-tiki_sdk_iosTests.debug.xcconfig"; path = "Target Support Files/Pods-tiki_sdk_ios-tiki_sdk_iosTests/Pods-tiki_sdk_ios-tiki_sdk_iosTests.debug.xcconfig"; sourceTree = "<group>"; };
		D970AA70AA7655367A93397D /* Pods_tiki_sdk_ios_tiki_sdk_iosTests.framework */ = {isa = PBXFileReference; explicitFileType = wrapper.framework; includeInIndex = 0; path = Pods_tiki_sdk_ios_tiki_sdk_iosTests.framework; sourceTree = BUILT_PRODUCTS_DIR; };
/* End PBXFileReference section */

/* Begin PBXFrameworksBuildPhase section */
		8C1CB63128F74340009B4290 /* Frameworks */ = {
			isa = PBXFrameworksBuildPhase;
			buildActionMask = 2147483647;
			files = (
				3F2357187391E06AA4EEAFFE /* Pods_tiki_sdk_ios.framework in Frameworks */,
			);
			runOnlyForDeploymentPostprocessing = 0;
		};
		8C1CB63B28F74340009B4290 /* Frameworks */ = {
			isa = PBXFrameworksBuildPhase;
			buildActionMask = 2147483647;
			files = (
				8C1CB63F28F74340009B4290 /* tiki_sdk_ios.framework in Frameworks */,
				895A85CB523B92E2034D82F7 /* Pods_tiki_sdk_ios_tiki_sdk_iosTests.framework in Frameworks */,
			);
			runOnlyForDeploymentPostprocessing = 0;
		};
/* End PBXFrameworksBuildPhase section */

/* Begin PBXGroup section */
		76F339D36238F2350618E8FB /* Pods */ = {
			isa = PBXGroup;
			children = (
				3A86A196ABDABDDB286ED0E1 /* Pods-tiki_sdk_ios.debug.xcconfig */,
				73FA066B6E5BB405FEA126FC /* Pods-tiki_sdk_ios.release.xcconfig */,
				AD11D76C2D74C88EADF3D873 /* Pods-tiki_sdk_ios-tiki_sdk_iosTests.debug.xcconfig */,
				AA13763FC8EEFE0EBA883CC7 /* Pods-tiki_sdk_ios-tiki_sdk_iosTests.release.xcconfig */,
			);
			path = Pods;
			sourceTree = "<group>";
		};
		8C10CDF528F9A0780066C782 /* Flutter */ = {
			isa = PBXGroup;
			children = (
				8C10CDF628F9A0780066C782 /* Release */,
				8C10CE0028F9A0780066C782 /* Profile */,
				8C10CE0A28F9A0780066C782 /* Debug */,
			);
			path = Flutter;
			sourceTree = "<group>";
		};
		8C10CDF628F9A0780066C782 /* Release */ = {
			isa = PBXGroup;
			children = (
				8C10CDF728F9A0780066C782 /* App.xcframework */,
				8C10CDF828F9A0780066C782 /* flutter_secure_storage.xcframework */,
				8C10CDF928F9A0780066C782 /* path_provider_ios.xcframework */,
				8C10CDFA28F9A0780066C782 /* sqlite3_flutter_libs.xcframework */,
				8C10CDFB28F9A0780066C782 /* tiki_sdk_flutter_plugin.xcframework */,
				8C10CDFC28F9A0780066C782 /* FlutterPluginRegistrant.xcframework */,
				8C10CDFD28F9A0780066C782 /* Flutter.podspec */,
				8C10CDFE28F9A0780066C782 /* sqlite3.xcframework */,
				8C10CDFF28F9A0780066C782 /* integration_test.xcframework */,
			);
			path = Release;
			sourceTree = "<group>";
		};
		8C10CE0028F9A0780066C782 /* Profile */ = {
			isa = PBXGroup;
			children = (
				8C10CE0128F9A0780066C782 /* App.xcframework */,
				8C10CE0228F9A0780066C782 /* flutter_secure_storage.xcframework */,
				8C10CE0328F9A0780066C782 /* path_provider_ios.xcframework */,
				8C10CE0428F9A0780066C782 /* sqlite3_flutter_libs.xcframework */,
				8C10CE0528F9A0780066C782 /* tiki_sdk_flutter_plugin.xcframework */,
				8C10CE0628F9A0780066C782 /* FlutterPluginRegistrant.xcframework */,
				8C10CE0728F9A0780066C782 /* Flutter.podspec */,
				8C10CE0828F9A0780066C782 /* sqlite3.xcframework */,
				8C10CE0928F9A0780066C782 /* integration_test.xcframework */,
			);
			path = Profile;
			sourceTree = "<group>";
		};
		8C10CE0A28F9A0780066C782 /* Debug */ = {
			isa = PBXGroup;
			children = (
				8C10CE0B28F9A0780066C782 /* App.xcframework */,
				8C10CE0C28F9A0780066C782 /* flutter_secure_storage.xcframework */,
				8C10CE0D28F9A0780066C782 /* path_provider_ios.xcframework */,
				8C10CE0E28F9A0780066C782 /* sqlite3_flutter_libs.xcframework */,
				8C10CE0F28F9A0780066C782 /* tiki_sdk_flutter_plugin.xcframework */,
				8C10CE1028F9A0780066C782 /* FlutterPluginRegistrant.xcframework */,
				8C10CE1128F9A0780066C782 /* Flutter.podspec */,
				8C10CE1228F9A0780066C782 /* sqlite3.xcframework */,
				8C10CE1328F9A0780066C782 /* integration_test.xcframework */,
			);
			path = Debug;
			sourceTree = "<group>";
		};
		8C1CB62A28F74340009B4290 = {
			isa = PBXGroup;
			children = (
				8C10CDF528F9A0780066C782 /* Flutter */,
				8C1CB64E28F743DE009B4290 /* Podfile */,
				8C1CB63628F74340009B4290 /* tiki_sdk_ios */,
				8C1CB64228F74340009B4290 /* tiki_sdk_iosTests */,
				8C1CB63528F74340009B4290 /* Products */,
				76F339D36238F2350618E8FB /* Pods */,
				971C97B3A49864B71A6F4349 /* Frameworks */,
			);
			sourceTree = "<group>";
		};
		8C1CB63528F74340009B4290 /* Products */ = {
			isa = PBXGroup;
			children = (
				8C1CB63428F74340009B4290 /* tiki_sdk_ios.framework */,
				8C1CB63E28F74340009B4290 /* tiki_sdk_iosTests.xctest */,
			);
			name = Products;
			sourceTree = "<group>";
		};
		8C1CB63628F74340009B4290 /* tiki_sdk_ios */ = {
			isa = PBXGroup;
			children = (
				8C1CB63728F74340009B4290 /* tiki_sdk_ios.h */,
				8C1CB63828F74340009B4290 /* tiki_sdk_ios.docc */,
				8C1CB65028F7BE46009B4290 /* TikiSdk.swift */,
			);
			path = tiki_sdk_ios;
			sourceTree = "<group>";
		};
		8C1CB64228F74340009B4290 /* tiki_sdk_iosTests */ = {
			isa = PBXGroup;
			children = (
				8C1CB64328F74340009B4290 /* tiki_sdk_iosTests.swift */,
			);
			path = tiki_sdk_iosTests;
			sourceTree = "<group>";
		};
		971C97B3A49864B71A6F4349 /* Frameworks */ = {
			isa = PBXGroup;
			children = (
				5BD5B6C7E70F88E04C92309B /* Pods_tiki_sdk_ios.framework */,
				D970AA70AA7655367A93397D /* Pods_tiki_sdk_ios_tiki_sdk_iosTests.framework */,
			);
			name = Frameworks;
			sourceTree = "<group>";
		};
/* End PBXGroup section */

/* Begin PBXHeadersBuildPhase section */
		8C1CB62F28F74340009B4290 /* Headers */ = {
			isa = PBXHeadersBuildPhase;
			buildActionMask = 2147483647;
			files = (
				8C1CB64528F74340009B4290 /* tiki_sdk_ios.h in Headers */,
			);
			runOnlyForDeploymentPostprocessing = 0;
		};
/* End PBXHeadersBuildPhase section */

/* Begin PBXNativeTarget section */
		8C1CB63328F74340009B4290 /* tiki_sdk_ios */ = {
			isa = PBXNativeTarget;
			buildConfigurationList = 8C1CB64828F74340009B4290 /* Build configuration list for PBXNativeTarget "tiki_sdk_ios" */;
			buildPhases = (
				8DEB00A125076B75DF1056A2 /* [CP] Check Pods Manifest.lock */,
				8C1CB62F28F74340009B4290 /* Headers */,
				8C1CB63028F74340009B4290 /* Sources */,
				8C1CB63128F74340009B4290 /* Frameworks */,
				8C1CB63228F74340009B4290 /* Resources */,
			);
			buildRules = (
			);
			dependencies = (
			);
			name = tiki_sdk_ios;
			productName = tiki_sdk_ios;
			productReference = 8C1CB63428F74340009B4290 /* tiki_sdk_ios.framework */;
			productType = "com.apple.product-type.framework";
		};
		8C1CB63D28F74340009B4290 /* tiki_sdk_iosTests */ = {
			isa = PBXNativeTarget;
			buildConfigurationList = 8C1CB64B28F74340009B4290 /* Build configuration list for PBXNativeTarget "tiki_sdk_iosTests" */;
			buildPhases = (
				62EA66207AA65459222A32C1 /* [CP] Check Pods Manifest.lock */,
				8C1CB63A28F74340009B4290 /* Sources */,
				8C1CB63B28F74340009B4290 /* Frameworks */,
				8C1CB63C28F74340009B4290 /* Resources */,
				A89B626D0F7A205D53568A5F /* [CP] Embed Pods Frameworks */,
			);
			buildRules = (
			);
			dependencies = (
				8C1CB64128F74340009B4290 /* PBXTargetDependency */,
			);
			name = tiki_sdk_iosTests;
			productName = tiki_sdk_iosTests;
			productReference = 8C1CB63E28F74340009B4290 /* tiki_sdk_iosTests.xctest */;
			productType = "com.apple.product-type.bundle.unit-test";
		};
/* End PBXNativeTarget section */

/* Begin PBXProject section */
		8C1CB62B28F74340009B4290 /* Project object */ = {
			isa = PBXProject;
			attributes = {
				BuildIndependentTargetsInParallel = 1;
				LastSwiftUpdateCheck = 1320;
				LastUpgradeCheck = 1320;
				TargetAttributes = {
					8C1CB63328F74340009B4290 = {
						CreatedOnToolsVersion = 13.2.1;
					};
					8C1CB63D28F74340009B4290 = {
						CreatedOnToolsVersion = 13.2.1;
					};
				};
			};
			buildConfigurationList = 8C1CB62E28F74340009B4290 /* Build configuration list for PBXProject "tiki_sdk_ios" */;
			compatibilityVersion = "Xcode 13.0";
			developmentRegion = en;
			hasScannedForEncodings = 0;
			knownRegions = (
				en,
				Base,
			);
			mainGroup = 8C1CB62A28F74340009B4290;
			productRefGroup = 8C1CB63528F74340009B4290 /* Products */;
			projectDirPath = "";
			projectRoot = "";
			targets = (
				8C1CB63328F74340009B4290 /* tiki_sdk_ios */,
				8C1CB63D28F74340009B4290 /* tiki_sdk_iosTests */,
			);
		};
/* End PBXProject section */

/* Begin PBXResourcesBuildPhase section */
		8C1CB63228F74340009B4290 /* Resources */ = {
			isa = PBXResourcesBuildPhase;
			buildActionMask = 2147483647;
			files = (
				8C1CB64F28F743DE009B4290 /* Podfile in Resources */,
			);
			runOnlyForDeploymentPostprocessing = 0;
		};
		8C1CB63C28F74340009B4290 /* Resources */ = {
			isa = PBXResourcesBuildPhase;
			buildActionMask = 2147483647;
			files = (
			);
			runOnlyForDeploymentPostprocessing = 0;
		};
/* End PBXResourcesBuildPhase section */

/* Begin PBXShellScriptBuildPhase section */
		62EA66207AA65459222A32C1 /* [CP] Check Pods Manifest.lock */ = {
			isa = PBXShellScriptBuildPhase;
			buildActionMask = 2147483647;
			files = (
			);
			inputFileListPaths = (
			);
			inputPaths = (
				"${PODS_PODFILE_DIR_PATH}/Podfile.lock",
				"${PODS_ROOT}/Manifest.lock",
			);
			name = "[CP] Check Pods Manifest.lock";
			outputFileListPaths = (
			);
			outputPaths = (
				"$(DERIVED_FILE_DIR)/Pods-tiki_sdk_ios-tiki_sdk_iosTests-checkManifestLockResult.txt",
			);
			runOnlyForDeploymentPostprocessing = 0;
			shellPath = /bin/sh;
			shellScript = "diff \"${PODS_PODFILE_DIR_PATH}/Podfile.lock\" \"${PODS_ROOT}/Manifest.lock\" > /dev/null\nif [ $? != 0 ] ; then\n    # print error to STDERR\n    echo \"error: The sandbox is not in sync with the Podfile.lock. Run 'pod install' or update your CocoaPods installation.\" >&2\n    exit 1\nfi\n# This output is used by Xcode 'outputs' to avoid re-running this script phase.\necho \"SUCCESS\" > \"${SCRIPT_OUTPUT_FILE_0}\"\n";
			showEnvVarsInLog = 0;
		};
		8DEB00A125076B75DF1056A2 /* [CP] Check Pods Manifest.lock */ = {
			isa = PBXShellScriptBuildPhase;
			buildActionMask = 2147483647;
			files = (
			);
			inputFileListPaths = (
			);
			inputPaths = (
				"${PODS_PODFILE_DIR_PATH}/Podfile.lock",
				"${PODS_ROOT}/Manifest.lock",
			);
			name = "[CP] Check Pods Manifest.lock";
			outputFileListPaths = (
			);
			outputPaths = (
				"$(DERIVED_FILE_DIR)/Pods-tiki_sdk_ios-checkManifestLockResult.txt",
			);
			runOnlyForDeploymentPostprocessing = 0;
			shellPath = /bin/sh;
			shellScript = "diff \"${PODS_PODFILE_DIR_PATH}/Podfile.lock\" \"${PODS_ROOT}/Manifest.lock\" > /dev/null\nif [ $? != 0 ] ; then\n    # print error to STDERR\n    echo \"error: The sandbox is not in sync with the Podfile.lock. Run 'pod install' or update your CocoaPods installation.\" >&2\n    exit 1\nfi\n# This output is used by Xcode 'outputs' to avoid re-running this script phase.\necho \"SUCCESS\" > \"${SCRIPT_OUTPUT_FILE_0}\"\n";
			showEnvVarsInLog = 0;
		};
		A89B626D0F7A205D53568A5F /* [CP] Embed Pods Frameworks */ = {
			isa = PBXShellScriptBuildPhase;
			buildActionMask = 2147483647;
			files = (
			);
			inputFileListPaths = (
				"${PODS_ROOT}/Target Support Files/Pods-tiki_sdk_ios-tiki_sdk_iosTests/Pods-tiki_sdk_ios-tiki_sdk_iosTests-frameworks-${CONFIGURATION}-input-files.xcfilelist",
			);
			name = "[CP] Embed Pods Frameworks";
			outputFileListPaths = (
				"${PODS_ROOT}/Target Support Files/Pods-tiki_sdk_ios-tiki_sdk_iosTests/Pods-tiki_sdk_ios-tiki_sdk_iosTests-frameworks-${CONFIGURATION}-output-files.xcfilelist",
			);
			runOnlyForDeploymentPostprocessing = 0;
			shellPath = /bin/sh;
			shellScript = "\"${PODS_ROOT}/Target Support Files/Pods-tiki_sdk_ios-tiki_sdk_iosTests/Pods-tiki_sdk_ios-tiki_sdk_iosTests-frameworks.sh\"\n";
			showEnvVarsInLog = 0;
		};
/* End PBXShellScriptBuildPhase section */

/* Begin PBXSourcesBuildPhase section */
		8C1CB63028F74340009B4290 /* Sources */ = {
			isa = PBXSourcesBuildPhase;
			buildActionMask = 2147483647;
			files = (
				8C1CB63928F74340009B4290 /* tiki_sdk_ios.docc in Sources */,
				8C1CB65128F7BE47009B4290 /* TikiSdk.swift in Sources */,
			);
			runOnlyForDeploymentPostprocessing = 0;
		};
		8C1CB63A28F74340009B4290 /* Sources */ = {
			isa = PBXSourcesBuildPhase;
			buildActionMask = 2147483647;
			files = (
				8C1CB64428F74340009B4290 /* tiki_sdk_iosTests.swift in Sources */,
			);
			runOnlyForDeploymentPostprocessing = 0;
		};
/* End PBXSourcesBuildPhase section */

/* Begin PBXTargetDependency section */
		8C1CB64128F74340009B4290 /* PBXTargetDependency */ = {
			isa = PBXTargetDependency;
			target = 8C1CB63328F74340009B4290 /* tiki_sdk_ios */;
			targetProxy = 8C1CB64028F74340009B4290 /* PBXContainerItemProxy */;
		};
/* End PBXTargetDependency section */

/* Begin XCBuildConfiguration section */
		8C1CB64628F74340009B4290 /* Debug */ = {
			isa = XCBuildConfiguration;
			buildSettings = {
				ALWAYS_SEARCH_USER_PATHS = NO;
				CLANG_ANALYZER_NONNULL = YES;
				CLANG_ANALYZER_NUMBER_OBJECT_CONVERSION = YES_AGGRESSIVE;
				CLANG_CXX_LANGUAGE_STANDARD = "gnu++17";
				CLANG_CXX_LIBRARY = "libc++";
				CLANG_ENABLE_MODULES = YES;
				CLANG_ENABLE_OBJC_ARC = YES;
				CLANG_ENABLE_OBJC_WEAK = YES;
				CLANG_WARN_BLOCK_CAPTURE_AUTORELEASING = YES;
				CLANG_WARN_BOOL_CONVERSION = YES;
				CLANG_WARN_COMMA = YES;
				CLANG_WARN_CONSTANT_CONVERSION = YES;
				CLANG_WARN_DEPRECATED_OBJC_IMPLEMENTATIONS = YES;
				CLANG_WARN_DIRECT_OBJC_ISA_USAGE = YES_ERROR;
				CLANG_WARN_DOCUMENTATION_COMMENTS = YES;
				CLANG_WARN_EMPTY_BODY = YES;
				CLANG_WARN_ENUM_CONVERSION = YES;
				CLANG_WARN_INFINITE_RECURSION = YES;
				CLANG_WARN_INT_CONVERSION = YES;
				CLANG_WARN_NON_LITERAL_NULL_CONVERSION = YES;
				CLANG_WARN_OBJC_IMPLICIT_RETAIN_SELF = YES;
				CLANG_WARN_OBJC_LITERAL_CONVERSION = YES;
				CLANG_WARN_OBJC_ROOT_CLASS = YES_ERROR;
				CLANG_WARN_QUOTED_INCLUDE_IN_FRAMEWORK_HEADER = YES;
				CLANG_WARN_RANGE_LOOP_ANALYSIS = YES;
				CLANG_WARN_STRICT_PROTOTYPES = YES;
				CLANG_WARN_SUSPICIOUS_MOVE = YES;
				CLANG_WARN_UNGUARDED_AVAILABILITY = YES_AGGRESSIVE;
				CLANG_WARN_UNREACHABLE_CODE = YES;
				CLANG_WARN__DUPLICATE_METHOD_MATCH = YES;
				COPY_PHASE_STRIP = NO;
				CURRENT_PROJECT_VERSION = 1;
				DEBUG_INFORMATION_FORMAT = dwarf;
				ENABLE_STRICT_OBJC_MSGSEND = YES;
				ENABLE_TESTABILITY = YES;
				GCC_C_LANGUAGE_STANDARD = gnu11;
				GCC_DYNAMIC_NO_PIC = NO;
				GCC_NO_COMMON_BLOCKS = YES;
				GCC_OPTIMIZATION_LEVEL = 0;
				GCC_PREPROCESSOR_DEFINITIONS = (
					"DEBUG=1",
					"$(inherited)",
				);
				GCC_WARN_64_TO_32_BIT_CONVERSION = YES;
				GCC_WARN_ABOUT_RETURN_TYPE = YES_ERROR;
				GCC_WARN_UNDECLARED_SELECTOR = YES;
				GCC_WARN_UNINITIALIZED_AUTOS = YES_AGGRESSIVE;
				GCC_WARN_UNUSED_FUNCTION = YES;
				GCC_WARN_UNUSED_VARIABLE = YES;
				IPHONEOS_DEPLOYMENT_TARGET = 15.2;
				MTL_ENABLE_DEBUG_INFO = INCLUDE_SOURCE;
				MTL_FAST_MATH = YES;
				ONLY_ACTIVE_ARCH = YES;
				SDKROOT = iphoneos;
				SWIFT_ACTIVE_COMPILATION_CONDITIONS = DEBUG;
				SWIFT_OPTIMIZATION_LEVEL = "-Onone";
				VERSIONING_SYSTEM = "apple-generic";
				VERSION_INFO_PREFIX = "";
			};
			name = Debug;
		};
		8C1CB64728F74340009B4290 /* Release */ = {
			isa = XCBuildConfiguration;
			buildSettings = {
				ALWAYS_SEARCH_USER_PATHS = NO;
				CLANG_ANALYZER_NONNULL = YES;
				CLANG_ANALYZER_NUMBER_OBJECT_CONVERSION = YES_AGGRESSIVE;
				CLANG_CXX_LANGUAGE_STANDARD = "gnu++17";
				CLANG_CXX_LIBRARY = "libc++";
				CLANG_ENABLE_MODULES = YES;
				CLANG_ENABLE_OBJC_ARC = YES;
				CLANG_ENABLE_OBJC_WEAK = YES;
				CLANG_WARN_BLOCK_CAPTURE_AUTORELEASING = YES;
				CLANG_WARN_BOOL_CONVERSION = YES;
				CLANG_WARN_COMMA = YES;
				CLANG_WARN_CONSTANT_CONVERSION = YES;
				CLANG_WARN_DEPRECATED_OBJC_IMPLEMENTATIONS = YES;
				CLANG_WARN_DIRECT_OBJC_ISA_USAGE = YES_ERROR;
				CLANG_WARN_DOCUMENTATION_COMMENTS = YES;
				CLANG_WARN_EMPTY_BODY = YES;
				CLANG_WARN_ENUM_CONVERSION = YES;
				CLANG_WARN_INFINITE_RECURSION = YES;
				CLANG_WARN_INT_CONVERSION = YES;
				CLANG_WARN_NON_LITERAL_NULL_CONVERSION = YES;
				CLANG_WARN_OBJC_IMPLICIT_RETAIN_SELF = YES;
				CLANG_WARN_OBJC_LITERAL_CONVERSION = YES;
				CLANG_WARN_OBJC_ROOT_CLASS = YES_ERROR;
				CLANG_WARN_QUOTED_INCLUDE_IN_FRAMEWORK_HEADER = YES;
				CLANG_WARN_RANGE_LOOP_ANALYSIS = YES;
				CLANG_WARN_STRICT_PROTOTYPES = YES;
				CLANG_WARN_SUSPICIOUS_MOVE = YES;
				CLANG_WARN_UNGUARDED_AVAILABILITY = YES_AGGRESSIVE;
				CLANG_WARN_UNREACHABLE_CODE = YES;
				CLANG_WARN__DUPLICATE_METHOD_MATCH = YES;
				COPY_PHASE_STRIP = NO;
				CURRENT_PROJECT_VERSION = 1;
				DEBUG_INFORMATION_FORMAT = "dwarf-with-dsym";
				ENABLE_NS_ASSERTIONS = NO;
				ENABLE_STRICT_OBJC_MSGSEND = YES;
				GCC_C_LANGUAGE_STANDARD = gnu11;
				GCC_NO_COMMON_BLOCKS = YES;
				GCC_WARN_64_TO_32_BIT_CONVERSION = YES;
				GCC_WARN_ABOUT_RETURN_TYPE = YES_ERROR;
				GCC_WARN_UNDECLARED_SELECTOR = YES;
				GCC_WARN_UNINITIALIZED_AUTOS = YES_AGGRESSIVE;
				GCC_WARN_UNUSED_FUNCTION = YES;
				GCC_WARN_UNUSED_VARIABLE = YES;
				IPHONEOS_DEPLOYMENT_TARGET = 15.2;
				MTL_ENABLE_DEBUG_INFO = NO;
				MTL_FAST_MATH = YES;
				SDKROOT = iphoneos;
				SWIFT_COMPILATION_MODE = wholemodule;
				SWIFT_OPTIMIZATION_LEVEL = "-O";
				VALIDATE_PRODUCT = YES;
				VERSIONING_SYSTEM = "apple-generic";
				VERSION_INFO_PREFIX = "";
			};
			name = Release;
		};
		8C1CB64928F74340009B4290 /* Debug */ = {
			isa = XCBuildConfiguration;
			baseConfigurationReference = 3A86A196ABDABDDB286ED0E1 /* Pods-tiki_sdk_ios.debug.xcconfig */;
			buildSettings = {
				CODE_SIGN_STYLE = Automatic;
				CURRENT_PROJECT_VERSION = 1;
				DEFINES_MODULE = YES;
				DEVELOPMENT_TEAM = 8B528SGCJW;
				DYLIB_COMPATIBILITY_VERSION = 1;
				DYLIB_CURRENT_VERSION = 1;
				DYLIB_INSTALL_NAME_BASE = "@rpath";
				FRAMEWORK_SEARCH_PATHS = (
					"$(inherited)",
					"\"${PODS_ROOT}/Flutter\"",
					"\"${PODS_XCFRAMEWORKS_BUILD_DIR}/Flutter\"",
					"\"${PROJECT_DIR}/Flutter/Debug\"/**",
				);
				GENERATE_INFOPLIST_FILE = YES;
				INFOPLIST_KEY_NSHumanReadableCopyright = "";
				INSTALL_PATH = "$(LOCAL_LIBRARY_DIR)/Frameworks";
				LD_RUNPATH_SEARCH_PATHS = (
					"$(inherited)",
					"@executable_path/Frameworks",
					"@loader_path/Frameworks",
				);
				MARKETING_VERSION = 1.0;
				PRODUCT_BUNDLE_IDENTIFIER = "com.mytiki.tiki-sdk-ios";
				PRODUCT_NAME = "$(TARGET_NAME:c99extidentifier)";
				SKIP_INSTALL = YES;
				SUPPORTS_MACCATALYST = NO;
				SWIFT_EMIT_LOC_STRINGS = YES;
				SWIFT_VERSION = 5.0;
				TARGETED_DEVICE_FAMILY = 1;
			};
			name = Debug;
		};
		8C1CB64A28F74340009B4290 /* Release */ = {
			isa = XCBuildConfiguration;
			baseConfigurationReference = 73FA066B6E5BB405FEA126FC /* Pods-tiki_sdk_ios.release.xcconfig */;
			buildSettings = {
				CODE_SIGN_STYLE = Automatic;
				CURRENT_PROJECT_VERSION = 1;
				DEFINES_MODULE = YES;
				DEVELOPMENT_TEAM = 8B528SGCJW;
				DYLIB_COMPATIBILITY_VERSION = 1;
				DYLIB_CURRENT_VERSION = 1;
				DYLIB_INSTALL_NAME_BASE = "@rpath";
				FRAMEWORK_SEARCH_PATHS = (
					"$(inherited)",
					"\"${PODS_ROOT}/Flutter\"",
					"\"${PODS_XCFRAMEWORKS_BUILD_DIR}/Flutter\"",
					"\"${PROJECT_DIR}/Flutter/Release\"/**",
				);
				GENERATE_INFOPLIST_FILE = YES;
				INFOPLIST_KEY_NSHumanReadableCopyright = "";
				INSTALL_PATH = "$(LOCAL_LIBRARY_DIR)/Frameworks";
				LD_RUNPATH_SEARCH_PATHS = (
					"$(inherited)",
					"@executable_path/Frameworks",
					"@loader_path/Frameworks",
				);
				MARKETING_VERSION = 1.0;
				PRODUCT_BUNDLE_IDENTIFIER = "com.mytiki.tiki-sdk-ios";
				PRODUCT_NAME = "$(TARGET_NAME:c99extidentifier)";
				SKIP_INSTALL = YES;
				SUPPORTS_MACCATALYST = NO;
				SWIFT_EMIT_LOC_STRINGS = YES;
				SWIFT_VERSION = 5.0;
				TARGETED_DEVICE_FAMILY = 1;
			};
			name = Release;
		};
		8C1CB64C28F74340009B4290 /* Debug */ = {
			isa = XCBuildConfiguration;
			baseConfigurationReference = AD11D76C2D74C88EADF3D873 /* Pods-tiki_sdk_ios-tiki_sdk_iosTests.debug.xcconfig */;
			buildSettings = {
				ALWAYS_EMBED_SWIFT_STANDARD_LIBRARIES = YES;
				CODE_SIGN_STYLE = Automatic;
				CURRENT_PROJECT_VERSION = 1;
				DEVELOPMENT_TEAM = 8B528SGCJW;
				GENERATE_INFOPLIST_FILE = YES;
				MARKETING_VERSION = 1.0;
				PRODUCT_BUNDLE_IDENTIFIER = "com.mytiki.tiki-sdk-iosTests";
				PRODUCT_NAME = "$(TARGET_NAME)";
				SWIFT_EMIT_LOC_STRINGS = NO;
				SWIFT_VERSION = 5.0;
				TARGETED_DEVICE_FAMILY = "1,2";
			};
			name = Debug;
		};
		8C1CB64D28F74340009B4290 /* Release */ = {
			isa = XCBuildConfiguration;
			baseConfigurationReference = AA13763FC8EEFE0EBA883CC7 /* Pods-tiki_sdk_ios-tiki_sdk_iosTests.release.xcconfig */;
			buildSettings = {
				ALWAYS_EMBED_SWIFT_STANDARD_LIBRARIES = YES;
				CODE_SIGN_STYLE = Automatic;
				CURRENT_PROJECT_VERSION = 1;
				DEVELOPMENT_TEAM = 8B528SGCJW;
				GENERATE_INFOPLIST_FILE = YES;
				MARKETING_VERSION = 1.0;
				PRODUCT_BUNDLE_IDENTIFIER = "com.mytiki.tiki-sdk-iosTests";
				PRODUCT_NAME = "$(TARGET_NAME)";
				SWIFT_EMIT_LOC_STRINGS = NO;
				SWIFT_VERSION = 5.0;
				TARGETED_DEVICE_FAMILY = "1,2";
			};
			name = Release;
		};
/* End XCBuildConfiguration section */

/* Begin XCConfigurationList section */
		8C1CB62E28F74340009B4290 /* Build configuration list for PBXProject "tiki_sdk_ios" */ = {
			isa = XCConfigurationList;
			buildConfigurations = (
				8C1CB64628F74340009B4290 /* Debug */,
				8C1CB64728F74340009B4290 /* Release */,
			);
			defaultConfigurationIsVisible = 0;
			defaultConfigurationName = Release;
		};
		8C1CB64828F74340009B4290 /* Build configuration list for PBXNativeTarget "tiki_sdk_ios" */ = {
			isa = XCConfigurationList;
			buildConfigurations = (
				8C1CB64928F74340009B4290 /* Debug */,
				8C1CB64A28F74340009B4290 /* Release */,
			);
			defaultConfigurationIsVisible = 0;
			defaultConfigurationName = Release;
		};
		8C1CB64B28F74340009B4290 /* Build configuration list for PBXNativeTarget "tiki_sdk_iosTests" */ = {
			isa = XCConfigurationList;
			buildConfigurations = (
				8C1CB64C28F74340009B4290 /* Debug */,
				8C1CB64D28F74340009B4290 /* Release */,
			);
			defaultConfigurationIsVisible = 0;
			defaultConfigurationName = Release;
		};
/* End XCConfigurationList section */
	};
	rootObject = 8C1CB62B28F74340009B4290 /* Project object */;
}
