// !$*UTF8*$!
{
	archiveVersion = 1;
	classes = {
	};
	objectVersion = 55;
	objects = {

/* Begin PBXBuildFile section */
		8C383E1E2ADEC90300AD5F7A /* UnitTests.swift in Sources */ = {isa = PBXBuildFile; fileRef = 8C383E1C2ADEC90300AD5F7A /* UnitTests.swift */; };
		8C383E1F2ADEC90300AD5F7A /* IntegrationTests.swift in Sources */ = {isa = PBXBuildFile; fileRef = 8C383E1D2ADEC90300AD5F7A /* IntegrationTests.swift */; };
		8CB058FD298D2CF600893F46 /* TikiSdkExampleApp.swift in Sources */ = {isa = PBXBuildFile; fileRef = 8CB058FC298D2CF600893F46 /* TikiSdkExampleApp.swift */; };
		C6BB074D0D00DFB975ED10C3 /* Pods_TikiSdkExample_TikiSdkTests.framework in Frameworks */ = {isa = PBXBuildFile; fileRef = 4B9BABDA97323CD18ECDEF99 /* Pods_TikiSdkExample_TikiSdkTests.framework */; };
		F27388075E2B4F1DC61CB645 /* Pods_TikiSdkExample.framework in Frameworks */ = {isa = PBXBuildFile; fileRef = B2A31B7F1FEFFC9EFFDA74E5 /* Pods_TikiSdkExample.framework */; };
/* End PBXBuildFile section */

/* Begin PBXContainerItemProxy section */
		8C383E112ADEC7D300AD5F7A /* PBXContainerItemProxy */ = {
			isa = PBXContainerItemProxy;
			containerPortal = 8C1F5BCB295FC369001AA520 /* Project object */;
			proxyType = 1;
			remoteGlobalIDString = 8C1F5BD2295FC369001AA520;
			remoteInfo = TikiSdkExample;
		};
/* End PBXContainerItemProxy section */

/* Begin PBXFileReference section */
		0508C85C82F334CAF3403CAA /* Pods-TikiSdkExample.debug.xcconfig */ = {isa = PBXFileReference; includeInIndex = 1; lastKnownFileType = text.xcconfig; name = "Pods-TikiSdkExample.debug.xcconfig"; path = "Target Support Files/Pods-TikiSdkExample/Pods-TikiSdkExample.debug.xcconfig"; sourceTree = "<group>"; };
		2B12DD7005B88171705B9BDE /* Pods-TikiSdkExample-TikiSdkTests.release.xcconfig */ = {isa = PBXFileReference; includeInIndex = 1; lastKnownFileType = text.xcconfig; name = "Pods-TikiSdkExample-TikiSdkTests.release.xcconfig"; path = "Target Support Files/Pods-TikiSdkExample-TikiSdkTests/Pods-TikiSdkExample-TikiSdkTests.release.xcconfig"; sourceTree = "<group>"; };
		4B9BABDA97323CD18ECDEF99 /* Pods_TikiSdkExample_TikiSdkTests.framework */ = {isa = PBXFileReference; explicitFileType = wrapper.framework; includeInIndex = 0; path = Pods_TikiSdkExample_TikiSdkTests.framework; sourceTree = BUILT_PRODUCTS_DIR; };
		8C24F92229BA818100A030AF /* Info.plist */ = {isa = PBXFileReference; lastKnownFileType = text.plist; path = Info.plist; sourceTree = "<group>"; };
		8C383E082ADEC66900AD5F7A /* TikiSdkExample.app */ = {isa = PBXFileReference; explicitFileType = wrapper.application; includeInIndex = 0; path = TikiSdkExample.app; sourceTree = BUILT_PRODUCTS_DIR; };
		8C383E1A2ADEC8B900AD5F7A /* TikiSdkTests.xctest */ = {isa = PBXFileReference; explicitFileType = wrapper.cfbundle; includeInIndex = 0; path = TikiSdkTests.xctest; sourceTree = BUILT_PRODUCTS_DIR; };
		8C383E1C2ADEC90300AD5F7A /* UnitTests.swift */ = {isa = PBXFileReference; fileEncoding = 4; lastKnownFileType = sourcecode.swift; path = UnitTests.swift; sourceTree = "<group>"; };
		8C383E1D2ADEC90300AD5F7A /* IntegrationTests.swift */ = {isa = PBXFileReference; fileEncoding = 4; lastKnownFileType = sourcecode.swift; path = IntegrationTests.swift; sourceTree = "<group>"; };
		8CB058FC298D2CF600893F46 /* TikiSdkExampleApp.swift */ = {isa = PBXFileReference; lastKnownFileType = sourcecode.swift; path = TikiSdkExampleApp.swift; sourceTree = "<group>"; };
		B2A31B7F1FEFFC9EFFDA74E5 /* Pods_TikiSdkExample.framework */ = {isa = PBXFileReference; explicitFileType = wrapper.framework; includeInIndex = 0; path = Pods_TikiSdkExample.framework; sourceTree = BUILT_PRODUCTS_DIR; };
		D3862A61BF01323C1A9DF94B /* Pods-TikiSdkExample.release.xcconfig */ = {isa = PBXFileReference; includeInIndex = 1; lastKnownFileType = text.xcconfig; name = "Pods-TikiSdkExample.release.xcconfig"; path = "Target Support Files/Pods-TikiSdkExample/Pods-TikiSdkExample.release.xcconfig"; sourceTree = "<group>"; };
		D5ED90FF0DEC4B8E74665206 /* Pods-TikiSdkExample-TikiSdkTests.debug.xcconfig */ = {isa = PBXFileReference; includeInIndex = 1; lastKnownFileType = text.xcconfig; name = "Pods-TikiSdkExample-TikiSdkTests.debug.xcconfig"; path = "Target Support Files/Pods-TikiSdkExample-TikiSdkTests/Pods-TikiSdkExample-TikiSdkTests.debug.xcconfig"; sourceTree = "<group>"; };
/* End PBXFileReference section */

/* Begin PBXFrameworksBuildPhase section */
		8C1F5BD0295FC369001AA520 /* Frameworks */ = {
			isa = PBXFrameworksBuildPhase;
			buildActionMask = 2147483647;
			files = (
				F27388075E2B4F1DC61CB645 /* Pods_TikiSdkExample.framework in Frameworks */,
			);
			runOnlyForDeploymentPostprocessing = 0;
		};
		8C383E0A2ADEC7D300AD5F7A /* Frameworks */ = {
			isa = PBXFrameworksBuildPhase;
			buildActionMask = 2147483647;
			files = (
				C6BB074D0D00DFB975ED10C3 /* Pods_TikiSdkExample_TikiSdkTests.framework in Frameworks */,
			);
			runOnlyForDeploymentPostprocessing = 0;
		};
/* End PBXFrameworksBuildPhase section */

/* Begin PBXGroup section */
		499D5059C152526A22E5E34F /* Frameworks */ = {
			isa = PBXGroup;
			children = (
				B2A31B7F1FEFFC9EFFDA74E5 /* Pods_TikiSdkExample.framework */,
				4B9BABDA97323CD18ECDEF99 /* Pods_TikiSdkExample_TikiSdkTests.framework */,
			);
			name = Frameworks;
			sourceTree = "<group>";
		};
		850615A9D9481FF37AFA281B /* Pods */ = {
			isa = PBXGroup;
			children = (
				0508C85C82F334CAF3403CAA /* Pods-TikiSdkExample.debug.xcconfig */,
				D3862A61BF01323C1A9DF94B /* Pods-TikiSdkExample.release.xcconfig */,
				D5ED90FF0DEC4B8E74665206 /* Pods-TikiSdkExample-TikiSdkTests.debug.xcconfig */,
				2B12DD7005B88171705B9BDE /* Pods-TikiSdkExample-TikiSdkTests.release.xcconfig */,
			);
			path = Pods;
			sourceTree = "<group>";
		};
		8C1F5BCA295FC369001AA520 = {
			isa = PBXGroup;
			children = (
				8C1F5BD5295FC369001AA520 /* TikiSdkExample */,
				8C383E0E2ADEC7D300AD5F7A /* TikiSdkTests */,
				850615A9D9481FF37AFA281B /* Pods */,
				8C383E082ADEC66900AD5F7A /* TikiSdkExample.app */,
				8C383E1A2ADEC8B900AD5F7A /* TikiSdkTests.xctest */,
				499D5059C152526A22E5E34F /* Frameworks */,
			);
			sourceTree = "<group>";
		};
		8C1F5BD5295FC369001AA520 /* TikiSdkExample */ = {
			isa = PBXGroup;
			children = (
				8C24F92229BA818100A030AF /* Info.plist */,
				8CB058FC298D2CF600893F46 /* TikiSdkExampleApp.swift */,
			);
			path = TikiSdkExample;
			sourceTree = "<group>";
		};
		8C383E0E2ADEC7D300AD5F7A /* TikiSdkTests */ = {
			isa = PBXGroup;
			children = (
				8C383E1D2ADEC90300AD5F7A /* IntegrationTests.swift */,
				8C383E1C2ADEC90300AD5F7A /* UnitTests.swift */,
			);
			path = TikiSdkTests;
			sourceTree = "<group>";
		};
/* End PBXGroup section */

/* Begin PBXNativeTarget section */
		8C1F5BD2295FC369001AA520 /* TikiSdkExample */ = {
			isa = PBXNativeTarget;
			buildConfigurationList = 8C1F5BE1295FC36B001AA520 /* Build configuration list for PBXNativeTarget "TikiSdkExample" */;
			buildPhases = (
				72FC41C03C8B73C16B5ABD31 /* [CP] Check Pods Manifest.lock */,
				8C1F5BCF295FC369001AA520 /* Sources */,
				8C1F5BD0295FC369001AA520 /* Frameworks */,
				8C1F5BD1295FC369001AA520 /* Resources */,
				2E24AFAD539F23DD8B2CF011 /* [CP] Embed Pods Frameworks */,
			);
			buildRules = (
			);
			dependencies = (
			);
			name = TikiSdkExample;
			productName = TikiSdkExample;
			productReference = 8C383E082ADEC66900AD5F7A /* TikiSdkExample.app */;
			productType = "com.apple.product-type.application";
		};
		8C383E0C2ADEC7D300AD5F7A /* TikiSdkTests */ = {
			isa = PBXNativeTarget;
			buildConfigurationList = 8C383E152ADEC7D300AD5F7A /* Build configuration list for PBXNativeTarget "TikiSdkTests" */;
			buildPhases = (
				74ECC664AF87B366C0638D9E /* [CP] Check Pods Manifest.lock */,
				8C383E092ADEC7D300AD5F7A /* Sources */,
				8C383E0A2ADEC7D300AD5F7A /* Frameworks */,
				8C383E0B2ADEC7D300AD5F7A /* Resources */,
				35645B73F1AD7B2EB7903AE9 /* [CP] Embed Pods Frameworks */,
			);
			buildRules = (
			);
			dependencies = (
				8C383E122ADEC7D300AD5F7A /* PBXTargetDependency */,
			);
			name = TikiSdkTests;
			productName = TikiSdkTests;
			productReference = 8C383E1A2ADEC8B900AD5F7A /* TikiSdkTests.xctest */;
			productType = "com.apple.product-type.bundle.unit-test";
		};
/* End PBXNativeTarget section */

/* Begin PBXProject section */
		8C1F5BCB295FC369001AA520 /* Project object */ = {
			isa = PBXProject;
			attributes = {
				BuildIndependentTargetsInParallel = 1;
				LastSwiftUpdateCheck = 1430;
				LastUpgradeCheck = 1320;
				TargetAttributes = {
					8C1F5BD2295FC369001AA520 = {
						CreatedOnToolsVersion = 13.2.1;
					};
					8C383E0C2ADEC7D300AD5F7A = {
						CreatedOnToolsVersion = 14.3;
						TestTargetID = 8C1F5BD2295FC369001AA520;
					};
				};
			};
			buildConfigurationList = 8C1F5BCE295FC369001AA520 /* Build configuration list for PBXProject "TikiSdk" */;
			compatibilityVersion = "Xcode 13.0";
			developmentRegion = en;
			hasScannedForEncodings = 0;
			knownRegions = (
				en,
				Base,
			);
			mainGroup = 8C1F5BCA295FC369001AA520;
			productRefGroup = 8C1F5BCA295FC369001AA520;
			projectDirPath = "";
			projectRoot = "";
			targets = (
				8C1F5BD2295FC369001AA520 /* TikiSdkExample */,
				8C383E0C2ADEC7D300AD5F7A /* TikiSdkTests */,
			);
		};
/* End PBXProject section */

/* Begin PBXResourcesBuildPhase section */
		8C1F5BD1295FC369001AA520 /* Resources */ = {
			isa = PBXResourcesBuildPhase;
			buildActionMask = 2147483647;
			files = (
			);
			runOnlyForDeploymentPostprocessing = 0;
		};
		8C383E0B2ADEC7D300AD5F7A /* Resources */ = {
			isa = PBXResourcesBuildPhase;
			buildActionMask = 2147483647;
			files = (
			);
			runOnlyForDeploymentPostprocessing = 0;
		};
/* End PBXResourcesBuildPhase section */

/* Begin PBXShellScriptBuildPhase section */
		2E24AFAD539F23DD8B2CF011 /* [CP] Embed Pods Frameworks */ = {
			isa = PBXShellScriptBuildPhase;
			buildActionMask = 2147483647;
			files = (
			);
			inputFileListPaths = (
				"${PODS_ROOT}/Target Support Files/Pods-TikiSdkExample/Pods-TikiSdkExample-frameworks-${CONFIGURATION}-input-files.xcfilelist",
			);
			name = "[CP] Embed Pods Frameworks";
			outputFileListPaths = (
				"${PODS_ROOT}/Target Support Files/Pods-TikiSdkExample/Pods-TikiSdkExample-frameworks-${CONFIGURATION}-output-files.xcfilelist",
			);
			runOnlyForDeploymentPostprocessing = 0;
			shellPath = /bin/sh;
			shellScript = "\"${PODS_ROOT}/Target Support Files/Pods-TikiSdkExample/Pods-TikiSdkExample-frameworks.sh\"\n";
			showEnvVarsInLog = 0;
		};
		35645B73F1AD7B2EB7903AE9 /* [CP] Embed Pods Frameworks */ = {
			isa = PBXShellScriptBuildPhase;
			buildActionMask = 2147483647;
			files = (
			);
			inputFileListPaths = (
				"${PODS_ROOT}/Target Support Files/Pods-TikiSdkExample-TikiSdkTests/Pods-TikiSdkExample-TikiSdkTests-frameworks-${CONFIGURATION}-input-files.xcfilelist",
			);
			name = "[CP] Embed Pods Frameworks";
			outputFileListPaths = (
				"${PODS_ROOT}/Target Support Files/Pods-TikiSdkExample-TikiSdkTests/Pods-TikiSdkExample-TikiSdkTests-frameworks-${CONFIGURATION}-output-files.xcfilelist",
			);
			runOnlyForDeploymentPostprocessing = 0;
			shellPath = /bin/sh;
			shellScript = "\"${PODS_ROOT}/Target Support Files/Pods-TikiSdkExample-TikiSdkTests/Pods-TikiSdkExample-TikiSdkTests-frameworks.sh\"\n";
			showEnvVarsInLog = 0;
		};
		72FC41C03C8B73C16B5ABD31 /* [CP] Check Pods Manifest.lock */ = {
			isa = PBXShellScriptBuildPhase;
			buildActionMask = 2147483647;
			files = (
			);
			inputFileListPaths = (
			);
			inputPaths = (
				"${PODS_PODFILE_DIR_PATH}/Podfile.lock",
				"${PODS_ROOT}/Manifest.lock",
			);
			name = "[CP] Check Pods Manifest.lock";
			outputFileListPaths = (
			);
			outputPaths = (
				"$(DERIVED_FILE_DIR)/Pods-TikiSdkExample-checkManifestLockResult.txt",
			);
			runOnlyForDeploymentPostprocessing = 0;
			shellPath = /bin/sh;
			shellScript = "diff \"${PODS_PODFILE_DIR_PATH}/Podfile.lock\" \"${PODS_ROOT}/Manifest.lock\" > /dev/null\nif [ $? != 0 ] ; then\n    # print error to STDERR\n    echo \"error: The sandbox is not in sync with the Podfile.lock. Run 'pod install' or update your CocoaPods installation.\" >&2\n    exit 1\nfi\n# This output is used by Xcode 'outputs' to avoid re-running this script phase.\necho \"SUCCESS\" > \"${SCRIPT_OUTPUT_FILE_0}\"\n";
			showEnvVarsInLog = 0;
		};
		74ECC664AF87B366C0638D9E /* [CP] Check Pods Manifest.lock */ = {
			isa = PBXShellScriptBuildPhase;
			buildActionMask = 2147483647;
			files = (
			);
			inputFileListPaths = (
			);
			inputPaths = (
				"${PODS_PODFILE_DIR_PATH}/Podfile.lock",
				"${PODS_ROOT}/Manifest.lock",
			);
			name = "[CP] Check Pods Manifest.lock";
			outputFileListPaths = (
			);
			outputPaths = (
				"$(DERIVED_FILE_DIR)/Pods-TikiSdkExample-TikiSdkTests-checkManifestLockResult.txt",
			);
			runOnlyForDeploymentPostprocessing = 0;
			shellPath = /bin/sh;
			shellScript = "diff \"${PODS_PODFILE_DIR_PATH}/Podfile.lock\" \"${PODS_ROOT}/Manifest.lock\" > /dev/null\nif [ $? != 0 ] ; then\n    # print error to STDERR\n    echo \"error: The sandbox is not in sync with the Podfile.lock. Run 'pod install' or update your CocoaPods installation.\" >&2\n    exit 1\nfi\n# This output is used by Xcode 'outputs' to avoid re-running this script phase.\necho \"SUCCESS\" > \"${SCRIPT_OUTPUT_FILE_0}\"\n";
			showEnvVarsInLog = 0;
		};
/* End PBXShellScriptBuildPhase section */

/* Begin PBXSourcesBuildPhase section */
		8C1F5BCF295FC369001AA520 /* Sources */ = {
			isa = PBXSourcesBuildPhase;
			buildActionMask = 2147483647;
			files = (
				8CB058FD298D2CF600893F46 /* TikiSdkExampleApp.swift in Sources */,
			);
			runOnlyForDeploymentPostprocessing = 0;
		};
		8C383E092ADEC7D300AD5F7A /* Sources */ = {
			isa = PBXSourcesBuildPhase;
			buildActionMask = 2147483647;
			files = (
				8C383E1E2ADEC90300AD5F7A /* UnitTests.swift in Sources */,
				8C383E1F2ADEC90300AD5F7A /* IntegrationTests.swift in Sources */,
			);
			runOnlyForDeploymentPostprocessing = 0;
		};
/* End PBXSourcesBuildPhase section */

/* Begin PBXTargetDependency section */
		8C383E122ADEC7D300AD5F7A /* PBXTargetDependency */ = {
			isa = PBXTargetDependency;
			target = 8C1F5BD2295FC369001AA520 /* TikiSdkExample */;
			targetProxy = 8C383E112ADEC7D300AD5F7A /* PBXContainerItemProxy */;
		};
/* End PBXTargetDependency section */

/* Begin XCBuildConfiguration section */
		8C1F5BDF295FC36B001AA520 /* Debug */ = {
			isa = XCBuildConfiguration;
			buildSettings = {
				ALWAYS_SEARCH_USER_PATHS = NO;
				CLANG_ANALYZER_NONNULL = YES;
				CLANG_ANALYZER_NUMBER_OBJECT_CONVERSION = YES_AGGRESSIVE;
				CLANG_CXX_LANGUAGE_STANDARD = "gnu++17";
				CLANG_CXX_LIBRARY = "libc++";
				CLANG_ENABLE_MODULES = YES;
				CLANG_ENABLE_OBJC_ARC = YES;
				CLANG_ENABLE_OBJC_WEAK = YES;
				CLANG_WARN_BLOCK_CAPTURE_AUTORELEASING = YES;
				CLANG_WARN_BOOL_CONVERSION = YES;
				CLANG_WARN_COMMA = YES;
				CLANG_WARN_CONSTANT_CONVERSION = YES;
				CLANG_WARN_DEPRECATED_OBJC_IMPLEMENTATIONS = YES;
				CLANG_WARN_DIRECT_OBJC_ISA_USAGE = YES_ERROR;
				CLANG_WARN_DOCUMENTATION_COMMENTS = YES;
				CLANG_WARN_EMPTY_BODY = YES;
				CLANG_WARN_ENUM_CONVERSION = YES;
				CLANG_WARN_INFINITE_RECURSION = YES;
				CLANG_WARN_INT_CONVERSION = YES;
				CLANG_WARN_NON_LITERAL_NULL_CONVERSION = YES;
				CLANG_WARN_OBJC_IMPLICIT_RETAIN_SELF = YES;
				CLANG_WARN_OBJC_LITERAL_CONVERSION = YES;
				CLANG_WARN_OBJC_ROOT_CLASS = YES_ERROR;
				CLANG_WARN_QUOTED_INCLUDE_IN_FRAMEWORK_HEADER = YES;
				CLANG_WARN_RANGE_LOOP_ANALYSIS = YES;
				CLANG_WARN_STRICT_PROTOTYPES = YES;
				CLANG_WARN_SUSPICIOUS_MOVE = YES;
				CLANG_WARN_UNGUARDED_AVAILABILITY = YES_AGGRESSIVE;
				CLANG_WARN_UNREACHABLE_CODE = YES;
				CLANG_WARN__DUPLICATE_METHOD_MATCH = YES;
				COPY_PHASE_STRIP = NO;
				DEBUG_INFORMATION_FORMAT = dwarf;
				ENABLE_BITCODE = NO;
				ENABLE_STRICT_OBJC_MSGSEND = YES;
				ENABLE_TESTABILITY = YES;
				GCC_C_LANGUAGE_STANDARD = gnu11;
				GCC_DYNAMIC_NO_PIC = NO;
				GCC_NO_COMMON_BLOCKS = YES;
				GCC_OPTIMIZATION_LEVEL = 0;
				GCC_PREPROCESSOR_DEFINITIONS = (
					"DEBUG=1",
					"$(inherited)",
				);
				GCC_WARN_64_TO_32_BIT_CONVERSION = YES;
				GCC_WARN_ABOUT_RETURN_TYPE = YES_ERROR;
				GCC_WARN_UNDECLARED_SELECTOR = YES;
				GCC_WARN_UNINITIALIZED_AUTOS = YES_AGGRESSIVE;
				GCC_WARN_UNUSED_FUNCTION = YES;
				GCC_WARN_UNUSED_VARIABLE = YES;
				IPHONEOS_DEPLOYMENT_TARGET = 15.2;
				MTL_ENABLE_DEBUG_INFO = INCLUDE_SOURCE;
				MTL_FAST_MATH = YES;
				ONLY_ACTIVE_ARCH = YES;
				SDKROOT = iphoneos;
				SWIFT_ACTIVE_COMPILATION_CONDITIONS = DEBUG;
				SWIFT_OPTIMIZATION_LEVEL = "-Onone";
			};
			name = Debug;
		};
		8C1F5BE0295FC36B001AA520 /* Release */ = {
			isa = XCBuildConfiguration;
			buildSettings = {
				ALWAYS_SEARCH_USER_PATHS = NO;
				CLANG_ANALYZER_NONNULL = YES;
				CLANG_ANALYZER_NUMBER_OBJECT_CONVERSION = YES_AGGRESSIVE;
				CLANG_CXX_LANGUAGE_STANDARD = "gnu++17";
				CLANG_CXX_LIBRARY = "libc++";
				CLANG_ENABLE_MODULES = YES;
				CLANG_ENABLE_OBJC_ARC = YES;
				CLANG_ENABLE_OBJC_WEAK = YES;
				CLANG_WARN_BLOCK_CAPTURE_AUTORELEASING = YES;
				CLANG_WARN_BOOL_CONVERSION = YES;
				CLANG_WARN_COMMA = YES;
				CLANG_WARN_CONSTANT_CONVERSION = YES;
				CLANG_WARN_DEPRECATED_OBJC_IMPLEMENTATIONS = YES;
				CLANG_WARN_DIRECT_OBJC_ISA_USAGE = YES_ERROR;
				CLANG_WARN_DOCUMENTATION_COMMENTS = YES;
				CLANG_WARN_EMPTY_BODY = YES;
				CLANG_WARN_ENUM_CONVERSION = YES;
				CLANG_WARN_INFINITE_RECURSION = YES;
				CLANG_WARN_INT_CONVERSION = YES;
				CLANG_WARN_NON_LITERAL_NULL_CONVERSION = YES;
				CLANG_WARN_OBJC_IMPLICIT_RETAIN_SELF = YES;
				CLANG_WARN_OBJC_LITERAL_CONVERSION = YES;
				CLANG_WARN_OBJC_ROOT_CLASS = YES_ERROR;
				CLANG_WARN_QUOTED_INCLUDE_IN_FRAMEWORK_HEADER = YES;
				CLANG_WARN_RANGE_LOOP_ANALYSIS = YES;
				CLANG_WARN_STRICT_PROTOTYPES = YES;
				CLANG_WARN_SUSPICIOUS_MOVE = YES;
				CLANG_WARN_UNGUARDED_AVAILABILITY = YES_AGGRESSIVE;
				CLANG_WARN_UNREACHABLE_CODE = YES;
				CLANG_WARN__DUPLICATE_METHOD_MATCH = YES;
				COPY_PHASE_STRIP = NO;
				DEBUG_INFORMATION_FORMAT = "dwarf-with-dsym";
				ENABLE_BITCODE = NO;
				ENABLE_NS_ASSERTIONS = NO;
				ENABLE_STRICT_OBJC_MSGSEND = YES;
				GCC_C_LANGUAGE_STANDARD = gnu11;
				GCC_NO_COMMON_BLOCKS = YES;
				GCC_WARN_64_TO_32_BIT_CONVERSION = YES;
				GCC_WARN_ABOUT_RETURN_TYPE = YES_ERROR;
				GCC_WARN_UNDECLARED_SELECTOR = YES;
				GCC_WARN_UNINITIALIZED_AUTOS = YES_AGGRESSIVE;
				GCC_WARN_UNUSED_FUNCTION = YES;
				GCC_WARN_UNUSED_VARIABLE = YES;
				IPHONEOS_DEPLOYMENT_TARGET = 15.2;
				MTL_ENABLE_DEBUG_INFO = NO;
				MTL_FAST_MATH = YES;
				ONLY_ACTIVE_ARCH = YES;
				SDKROOT = iphoneos;
				SWIFT_COMPILATION_MODE = wholemodule;
				SWIFT_OPTIMIZATION_LEVEL = "-O";
				VALIDATE_PRODUCT = YES;
			};
			name = Release;
		};
		8C1F5BE2295FC36B001AA520 /* Debug */ = {
			isa = XCBuildConfiguration;
			baseConfigurationReference = 0508C85C82F334CAF3403CAA /* Pods-TikiSdkExample.debug.xcconfig */;
			buildSettings = {
				ASSETCATALOG_COMPILER_APPICON_NAME = AppIcon;
				CODE_SIGN_STYLE = Automatic;
				CURRENT_PROJECT_VERSION = 1;
				DEVELOPMENT_ASSET_PATHS = "";
				DEVELOPMENT_TEAM = 8B528SGCJW;
				ENABLE_PREVIEWS = YES;
				GENERATE_INFOPLIST_FILE = YES;
				INFOPLIST_FILE = TikiSdkExample/Info.plist;
				INFOPLIST_KEY_NSCameraUsageDescription = "Test app";
				INFOPLIST_KEY_NSContactsUsageDescription = "Test app";
				INFOPLIST_KEY_NSPhotoLibraryUsageDescription = "Test app";
				INFOPLIST_KEY_UIApplicationSceneManifest_Generation = YES;
				INFOPLIST_KEY_UIApplicationSupportsIndirectInputEvents = YES;
				INFOPLIST_KEY_UILaunchScreen_Generation = YES;
				INFOPLIST_KEY_UISupportedInterfaceOrientations = UIInterfaceOrientationPortrait;
				LD_RUNPATH_SEARCH_PATHS = (
					"$(inherited)",
					"@executable_path/Frameworks",
				);
				MARKETING_VERSION = 1.0;
				PRODUCT_BUNDLE_IDENTIFIER = com.mytiki.TikiSdkExample;
				PRODUCT_NAME = "$(TARGET_NAME)";
				SUPPORTED_PLATFORMS = "iphoneos iphonesimulator";
				SUPPORTS_MACCATALYST = NO;
				SUPPORTS_MAC_DESIGNED_FOR_IPHONE_IPAD = NO;
				SWIFT_EMIT_LOC_STRINGS = YES;
				SWIFT_VERSION = 5.0;
				TARGETED_DEVICE_FAMILY = "1,2";
			};
			name = Debug;
		};
		8C1F5BE3295FC36B001AA520 /* Release */ = {
			isa = XCBuildConfiguration;
			baseConfigurationReference = D3862A61BF01323C1A9DF94B /* Pods-TikiSdkExample.release.xcconfig */;
			buildSettings = {
				ASSETCATALOG_COMPILER_APPICON_NAME = AppIcon;
				CODE_SIGN_STYLE = Automatic;
				CURRENT_PROJECT_VERSION = 1;
				DEVELOPMENT_ASSET_PATHS = "";
				DEVELOPMENT_TEAM = 8B528SGCJW;
				ENABLE_PREVIEWS = YES;
				GENERATE_INFOPLIST_FILE = YES;
				INFOPLIST_FILE = TikiSdkExample/Info.plist;
				INFOPLIST_KEY_NSCameraUsageDescription = "Test app";
				INFOPLIST_KEY_NSContactsUsageDescription = "Test app";
				INFOPLIST_KEY_NSPhotoLibraryUsageDescription = "Test app";
				INFOPLIST_KEY_UIApplicationSceneManifest_Generation = YES;
				INFOPLIST_KEY_UIApplicationSupportsIndirectInputEvents = YES;
				INFOPLIST_KEY_UILaunchScreen_Generation = YES;
				INFOPLIST_KEY_UISupportedInterfaceOrientations = UIInterfaceOrientationPortrait;
				LD_RUNPATH_SEARCH_PATHS = (
					"$(inherited)",
					"@executable_path/Frameworks",
				);
				MARKETING_VERSION = 1.0;
				PRODUCT_BUNDLE_IDENTIFIER = com.mytiki.TikiSdkExample;
				PRODUCT_NAME = "$(TARGET_NAME)";
				SUPPORTED_PLATFORMS = "iphoneos iphonesimulator";
				SUPPORTS_MACCATALYST = NO;
				SUPPORTS_MAC_DESIGNED_FOR_IPHONE_IPAD = NO;
				SWIFT_EMIT_LOC_STRINGS = YES;
				SWIFT_VERSION = 5.0;
				TARGETED_DEVICE_FAMILY = "1,2";
			};
			name = Release;
		};
		8C383E132ADEC7D300AD5F7A /* Debug */ = {
			isa = XCBuildConfiguration;
			baseConfigurationReference = D5ED90FF0DEC4B8E74665206 /* Pods-TikiSdkExample-TikiSdkTests.debug.xcconfig */;
			buildSettings = {
				BUNDLE_LOADER = "$(TEST_HOST)";
				CLANG_CXX_LANGUAGE_STANDARD = "gnu++20";
				CODE_SIGN_STYLE = Automatic;
				CURRENT_PROJECT_VERSION = 1;
				DEVELOPMENT_TEAM = 8B528SGCJW;
				GENERATE_INFOPLIST_FILE = YES;
				IPHONEOS_DEPLOYMENT_TARGET = 14.0;
				MACOSX_DEPLOYMENT_TARGET = 13.3;
				MARKETING_VERSION = 1.0;
				PRODUCT_BUNDLE_IDENTIFIER = com.mytiki.TikiSdkTests;
				PRODUCT_NAME = "$(TARGET_NAME)";
				SDKROOT = auto;
				SUPPORTED_PLATFORMS = "iphoneos iphonesimulator macosx";
				SWIFT_EMIT_LOC_STRINGS = NO;
				SWIFT_VERSION = 5.0;
				TARGETED_DEVICE_FAMILY = "1,2";
				TEST_HOST = "$(BUILT_PRODUCTS_DIR)/TikiSdkExample.app/$(BUNDLE_EXECUTABLE_FOLDER_PATH)/TikiSdkExample";
			};
			name = Debug;
		};
		8C383E142ADEC7D300AD5F7A /* Release */ = {
			isa = XCBuildConfiguration;
			baseConfigurationReference = 2B12DD7005B88171705B9BDE /* Pods-TikiSdkExample-TikiSdkTests.release.xcconfig */;
			buildSettings = {
				BUNDLE_LOADER = "$(TEST_HOST)";
				CLANG_CXX_LANGUAGE_STANDARD = "gnu++20";
				CODE_SIGN_STYLE = Automatic;
				CURRENT_PROJECT_VERSION = 1;
				DEVELOPMENT_TEAM = 8B528SGCJW;
				GENERATE_INFOPLIST_FILE = YES;
				IPHONEOS_DEPLOYMENT_TARGET = 14.0;
				MACOSX_DEPLOYMENT_TARGET = 13.3;
				MARKETING_VERSION = 1.0;
				PRODUCT_BUNDLE_IDENTIFIER = com.mytiki.TikiSdkTests;
				PRODUCT_NAME = "$(TARGET_NAME)";
				SDKROOT = auto;
				SUPPORTED_PLATFORMS = "iphoneos iphonesimulator macosx";
				SWIFT_EMIT_LOC_STRINGS = NO;
				SWIFT_VERSION = 5.0;
				TARGETED_DEVICE_FAMILY = "1,2";
				TEST_HOST = "$(BUILT_PRODUCTS_DIR)/TikiSdkExample.app/$(BUNDLE_EXECUTABLE_FOLDER_PATH)/TikiSdkExample";
			};
			name = Release;
		};
/* End XCBuildConfiguration section */

/* Begin XCConfigurationList section */
		8C1F5BCE295FC369001AA520 /* Build configuration list for PBXProject "TikiSdk" */ = {
			isa = XCConfigurationList;
			buildConfigurations = (
				8C1F5BDF295FC36B001AA520 /* Debug */,
				8C1F5BE0295FC36B001AA520 /* Release */,
			);
			defaultConfigurationIsVisible = 0;
			defaultConfigurationName = Release;
		};
		8C1F5BE1295FC36B001AA520 /* Build configuration list for PBXNativeTarget "TikiSdkExample" */ = {
			isa = XCConfigurationList;
			buildConfigurations = (
				8C1F5BE2295FC36B001AA520 /* Debug */,
				8C1F5BE3295FC36B001AA520 /* Release */,
			);
			defaultConfigurationIsVisible = 0;
			defaultConfigurationName = Release;
		};
		8C383E152ADEC7D300AD5F7A /* Build configuration list for PBXNativeTarget "TikiSdkTests" */ = {
			isa = XCConfigurationList;
			buildConfigurations = (
				8C383E132ADEC7D300AD5F7A /* Debug */,
				8C383E142ADEC7D300AD5F7A /* Release */,
			);
			defaultConfigurationIsVisible = 0;
			defaultConfigurationName = Release;
		};
/* End XCConfigurationList section */
	};
	rootObject = 8C1F5BCB295FC369001AA520 /* Project object */;
}
