{
  "pins" : [
    {
      "identity" : "tiki-sdk-ios",
      "kind" : "remoteSourceControl",
      "location" : "https://github.com/tiki/tiki-sdk-ios.git",
      "state" : {
        "revision" : "778c44ebe0b53881db86df266505183770ea0a7d",
        "version" : "0.0.13"
      }
    }
  ],
  "version" : 2
}
