PODS:
  - TikiSdk (2.1.7)

DEPENDENCIES:
  - TikiSdk (from `../../`)
  - TikiSdkDebug (from `../../`)
  - TikiSdkRelease (from `../../`)

EXTERNAL SOURCES:
  TikiSdk:
    :path: "../../"
  TikiSdkDebug:
    :path: "../../"
  TikiSdkRelease:
    :path: "../../"

SPEC CHECKSUMS:
  TikiSdk: 5f49dd58afa9484b89e834cc34ef3c3e24e9df06

PODFILE CHECKSUM: bfbcbda8f7ecabcbd734312c080194ca3f017ecc

COCOAPODS: 1.12.1
