PODS:
  - TikiSdkDebug (2.1.9)
  - TikiSdkRelease (2.1.9)

DEPENDENCIES:
  - TikiSdkDebug (from `../../TikiSdkDebug.podspec`)
  - TikiSdkRelease (from `../../TikiSdkRelease.podspec`)

EXTERNAL SOURCES:
  TikiSdkDebug:
    :path: "../../TikiSdkDebug.podspec"
  TikiSdkRelease:
    :path: "../../TikiSdkRelease.podspec"

SPEC CHECKSUMS:
  TikiSdkDebug: 99d80853e674f83154b5f6043d1ef66a7b180824
  TikiSdkRelease: 5eb8564696b91a424bb8c08d5e9feb0edd872b6a

PODFILE CHECKSUM: 7809044ab68afb496e83c4154a8de522e0b4f90e

COCOAPODS: 1.12.1
