// !$*UTF8*$!
{
	archiveVersion = 1;
	classes = {
	};
	objectVersion = 55;
	objects = {

/* Begin PBXBuildFile section */
		8C616602294BC9B20032A058 /* IntegrationTestsRunnerApp.swift in Sources */ = {isa = PBXBuildFile; fileRef = 8C616601294BC9B20032A058 /* IntegrationTestsRunnerApp.swift */; };
		8C616604294BC9B20032A058 /* ContentView.swift in Sources */ = {isa = PBXBuildFile; fileRef = 8C616603294BC9B20032A058 /* ContentView.swift */; };
		8C616606294BC9B50032A058 /* Assets.xcassets in Resources */ = {isa = PBXBuildFile; fileRef = 8C616605294BC9B50032A058 /* Assets.xcassets */; };
		8C616613294BC9B50032A058 /* IntegrationTests.swift in Sources */ = {isa = PBXBuildFile; fileRef = 8C616612294BC9B50032A058 /* IntegrationTests.swift */; };
		8C61662A294BCA030032A058 /* TikiSdk in Frameworks */ = {isa = PBXBuildFile; productRef = 8C616629294BCA030032A058 /* TikiSdk */; };
/* End PBXBuildFile section */

/* Begin PBXContainerItemProxy section */
		8C61660F294BC9B50032A058 /* PBXContainerItemProxy */ = {
			isa = PBXContainerItemProxy;
			containerPortal = 8C85F822293DD02100A35F1E /* Project object */;
			proxyType = 1;
			remoteGlobalIDString = 8C6165FE294BC9B20032A058;
			remoteInfo = IntegrationTestsRunner;
		};
/* End PBXContainerItemProxy section */

/* Begin PBXFileReference section */
		8C6165FF294BC9B20032A058 /* IntegrationTestsRunner.app */ = {isa = PBXFileReference; explicitFileType = wrapper.application; includeInIndex = 0; path = IntegrationTestsRunner.app; sourceTree = BUILT_PRODUCTS_DIR; };
		8C616601294BC9B20032A058 /* IntegrationTestsRunnerApp.swift */ = {isa = PBXFileReference; lastKnownFileType = sourcecode.swift; path = IntegrationTestsRunnerApp.swift; sourceTree = "<group>"; };
		8C616603294BC9B20032A058 /* ContentView.swift */ = {isa = PBXFileReference; lastKnownFileType = sourcecode.swift; path = ContentView.swift; sourceTree = "<group>"; };
		8C616605294BC9B50032A058 /* Assets.xcassets */ = {isa = PBXFileReference; lastKnownFileType = folder.assetcatalog; path = Assets.xcassets; sourceTree = "<group>"; };
		8C616608294BC9B50032A058 /* Preview Assets.xcassets */ = {isa = PBXFileReference; lastKnownFileType = folder.assetcatalog; path = "Preview Assets.xcassets"; sourceTree = "<group>"; };
		8C61660E294BC9B50032A058 /* IntegrationTests.xctest */ = {isa = PBXFileReference; explicitFileType = wrapper.cfbundle; includeInIndex = 0; path = IntegrationTests.xctest; sourceTree = BUILT_PRODUCTS_DIR; };
		8C616612294BC9B50032A058 /* IntegrationTests.swift */ = {isa = PBXFileReference; lastKnownFileType = sourcecode.swift; path = IntegrationTests.swift; sourceTree = "<group>"; };
		8C66BBFC294BCDAE0005326F /* tiki-sdk-ios */ = {isa = PBXFileReference; lastKnownFileType = wrapper; name = "tiki-sdk-ios"; path = ..; sourceTree = "<group>"; };
/* End PBXFileReference section */

/* Begin PBXFrameworksBuildPhase section */
		8C6165FC294BC9B20032A058 /* Frameworks */ = {
			isa = PBXFrameworksBuildPhase;
			buildActionMask = 2147483647;
			files = (
				8C61662A294BCA030032A058 /* TikiSdk in Frameworks */,
			);
			runOnlyForDeploymentPostprocessing = 0;
		};
		8C61660B294BC9B50032A058 /* Frameworks */ = {
			isa = PBXFrameworksBuildPhase;
			buildActionMask = 2147483647;
			files = (
			);
			runOnlyForDeploymentPostprocessing = 0;
		};
/* End PBXFrameworksBuildPhase section */

/* Begin PBXGroup section */
		8C616600294BC9B20032A058 /* IntegrationTestsRunner */ = {
			isa = PBXGroup;
			children = (
				8C616601294BC9B20032A058 /* IntegrationTestsRunnerApp.swift */,
				8C616603294BC9B20032A058 /* ContentView.swift */,
				8C616605294BC9B50032A058 /* Assets.xcassets */,
				8C616607294BC9B50032A058 /* Preview Content */,
			);
			path = IntegrationTestsRunner;
			sourceTree = "<group>";
		};
		8C616607294BC9B50032A058 /* Preview Content */ = {
			isa = PBXGroup;
			children = (
				8C616608294BC9B50032A058 /* Preview Assets.xcassets */,
			);
			path = "Preview Content";
			sourceTree = "<group>";
		};
		8C616611294BC9B50032A058 /* IntegrationTests */ = {
			isa = PBXGroup;
			children = (
				8C616612294BC9B50032A058 /* IntegrationTests.swift */,
			);
			path = IntegrationTests;
			sourceTree = "<group>";
		};
		8C66BBFB294BCDAE0005326F /* Packages */ = {
			isa = PBXGroup;
			children = (
				8C66BBFC294BCDAE0005326F /* tiki-sdk-ios */,
			);
			name = Packages;
			sourceTree = "<group>";
		};
		8C6CBC6A293E0308006FF9E5 /* Frameworks */ = {
			isa = PBXGroup;
			children = (
			);
			name = Frameworks;
			sourceTree = "<group>";
		};
		8C85F821293DD02100A35F1E = {
			isa = PBXGroup;
			children = (
				8C66BBFB294BCDAE0005326F /* Packages */,
				8C616600294BC9B20032A058 /* IntegrationTestsRunner */,
				8C616611294BC9B50032A058 /* IntegrationTests */,
				8C85F82B293DD02100A35F1E /* Products */,
				8C6CBC6A293E0308006FF9E5 /* Frameworks */,
			);
			sourceTree = "<group>";
		};
		8C85F82B293DD02100A35F1E /* Products */ = {
			isa = PBXGroup;
			children = (
				8C6165FF294BC9B20032A058 /* IntegrationTestsRunner.app */,
				8C61660E294BC9B50032A058 /* IntegrationTests.xctest */,
			);
			name = Products;
			sourceTree = "<group>";
		};
/* End PBXGroup section */

/* Begin PBXNativeTarget section */
		8C6165FE294BC9B20032A058 /* IntegrationTestsRunner */ = {
			isa = PBXNativeTarget;
			buildConfigurationList = 8C616620294BC9B50032A058 /* Build configuration list for PBXNativeTarget "IntegrationTestsRunner" */;
			buildPhases = (
				8C6165FB294BC9B20032A058 /* Sources */,
				8C6165FC294BC9B20032A058 /* Frameworks */,
				8C6165FD294BC9B20032A058 /* Resources */,
				8C1E226C29507C5000F91A36 /* ShellScript */,
			);
			buildRules = (
			);
			dependencies = (
			);
			name = IntegrationTestsRunner;
			packageProductDependencies = (
				8C616629294BCA030032A058 /* TikiSdk */,
			);
			productName = IntegrationTestsRunner;
			productReference = 8C6165FF294BC9B20032A058 /* IntegrationTestsRunner.app */;
			productType = "com.apple.product-type.application";
		};
		8C61660D294BC9B50032A058 /* IntegrationTests */ = {
			isa = PBXNativeTarget;
			buildConfigurationList = 8C616623294BC9B50032A058 /* Build configuration list for PBXNativeTarget "IntegrationTests" */;
			buildPhases = (
				8C61660A294BC9B50032A058 /* Sources */,
				8C61660B294BC9B50032A058 /* Frameworks */,
				8C61660C294BC9B50032A058 /* Resources */,
			);
			buildRules = (
			);
			dependencies = (
				8C616610294BC9B50032A058 /* PBXTargetDependency */,
			);
			name = IntegrationTests;
			productName = IntegrationTestsRunnerTests;
			productReference = 8C61660E294BC9B50032A058 /* IntegrationTests.xctest */;
			productType = "com.apple.product-type.bundle.unit-test";
		};
/* End PBXNativeTarget section */

/* Begin PBXProject section */
		8C85F822293DD02100A35F1E /* Project object */ = {
			isa = PBXProject;
			attributes = {
				BuildIndependentTargetsInParallel = 1;
				LastSwiftUpdateCheck = 1320;
				LastUpgradeCheck = 1320;
				TargetAttributes = {
					8C6165FE294BC9B20032A058 = {
						CreatedOnToolsVersion = 13.2.1;
					};
					8C61660D294BC9B50032A058 = {
						CreatedOnToolsVersion = 13.2.1;
						TestTargetID = 8C6165FE294BC9B20032A058;
					};
				};
			};
			buildConfigurationList = 8C85F825293DD02100A35F1E /* Build configuration list for PBXProject "IntegrationTests" */;
			compatibilityVersion = "Xcode 13.0";
			developmentRegion = en;
			hasScannedForEncodings = 0;
			knownRegions = (
				en,
				Base,
			);
			mainGroup = 8C85F821293DD02100A35F1E;
			packageReferences = (
			);
			productRefGroup = 8C85F82B293DD02100A35F1E /* Products */;
			projectDirPath = "";
			projectRoot = "";
			targets = (
				8C6165FE294BC9B20032A058 /* IntegrationTestsRunner */,
				8C61660D294BC9B50032A058 /* IntegrationTests */,
			);
		};
/* End PBXProject section */

/* Begin PBXResourcesBuildPhase section */
		8C6165FD294BC9B20032A058 /* Resources */ = {
			isa = PBXResourcesBuildPhase;
			buildActionMask = 2147483647;
			files = (
				8C616606294BC9B50032A058 /* Assets.xcassets in Resources */,
			);
			runOnlyForDeploymentPostprocessing = 0;
		};
		8C61660C294BC9B50032A058 /* Resources */ = {
			isa = PBXResourcesBuildPhase;
			buildActionMask = 2147483647;
			files = (
			);
			runOnlyForDeploymentPostprocessing = 0;
		};
/* End PBXResourcesBuildPhase section */

/* Begin PBXShellScriptBuildPhase section */
		8C1E226C29507C5000F91A36 /* ShellScript */ = {
			isa = PBXShellScriptBuildPhase;
			buildActionMask = 2147483647;
			files = (
			);
			inputFileListPaths = (
			);
			inputPaths = (
			);
			outputFileListPaths = (
			);
			outputPaths = (
			);
			runOnlyForDeploymentPostprocessing = 0;
			shellPath = /bin/sh;
			shellScript = "# Type a script or drag a script file from your workspace to insert its path.\n";
		};
/* End PBXShellScriptBuildPhase section */

/* Begin PBXSourcesBuildPhase section */
		8C6165FB294BC9B20032A058 /* Sources */ = {
			isa = PBXSourcesBuildPhase;
			buildActionMask = 2147483647;
			files = (
				8C616604294BC9B20032A058 /* ContentView.swift in Sources */,
				8C616602294BC9B20032A058 /* IntegrationTestsRunnerApp.swift in Sources */,
			);
			runOnlyForDeploymentPostprocessing = 0;
		};
		8C61660A294BC9B50032A058 /* Sources */ = {
			isa = PBXSourcesBuildPhase;
			buildActionMask = 2147483647;
			files = (
				8C616613294BC9B50032A058 /* IntegrationTests.swift in Sources */,
			);
			runOnlyForDeploymentPostprocessing = 0;
		};
/* End PBXSourcesBuildPhase section */

/* Begin PBXTargetDependency section */
		8C616610294BC9B50032A058 /* PBXTargetDependency */ = {
			isa = PBXTargetDependency;
			target = 8C6165FE294BC9B20032A058 /* IntegrationTestsRunner */;
			targetProxy = 8C61660F294BC9B50032A058 /* PBXContainerItemProxy */;
		};
/* End PBXTargetDependency section */

/* Begin XCBuildConfiguration section */
		8C616621294BC9B50032A058 /* Debug */ = {
			isa = XCBuildConfiguration;
			buildSettings = {
				ASSETCATALOG_COMPILER_APPICON_NAME = AppIcon;
				ASSETCATALOG_COMPILER_GLOBAL_ACCENT_COLOR_NAME = AccentColor;
				CODE_SIGN_STYLE = Automatic;
				CURRENT_PROJECT_VERSION = 1;
				DEVELOPMENT_ASSET_PATHS = "\"IntegrationTestsRunner/Preview Content\"";
				DEVELOPMENT_TEAM = 8B528SGCJW;
				ENABLE_PREVIEWS = YES;
				GENERATE_INFOPLIST_FILE = YES;
				INFOPLIST_KEY_UIApplicationSceneManifest_Generation = YES;
				INFOPLIST_KEY_UIApplicationSupportsIndirectInputEvents = YES;
				INFOPLIST_KEY_UILaunchScreen_Generation = YES;
				INFOPLIST_KEY_UISupportedInterfaceOrientations_iPad = "UIInterfaceOrientationPortrait UIInterfaceOrientationPortraitUpsideDown UIInterfaceOrientationLandscapeLeft UIInterfaceOrientationLandscapeRight";
				INFOPLIST_KEY_UISupportedInterfaceOrientations_iPhone = "UIInterfaceOrientationPortrait UIInterfaceOrientationLandscapeLeft UIInterfaceOrientationLandscapeRight";
				IPHONEOS_DEPLOYMENT_TARGET = 15.2;
				LD_RUNPATH_SEARCH_PATHS = (
					"$(inherited)",
					"@executable_path/Frameworks",
				);
				MARKETING_VERSION = 1.0;
				PRODUCT_BUNDLE_IDENTIFIER = com.mytiki.IntegrationTestsRunner;
				PRODUCT_NAME = "$(TARGET_NAME)";
				SWIFT_EMIT_LOC_STRINGS = YES;
				SWIFT_VERSION = 5.0;
				TARGETED_DEVICE_FAMILY = "1,2";
			};
			name = Debug;
		};
		8C616622294BC9B50032A058 /* Release */ = {
			isa = XCBuildConfiguration;
			buildSettings = {
				ASSETCATALOG_COMPILER_APPICON_NAME = AppIcon;
				ASSETCATALOG_COMPILER_GLOBAL_ACCENT_COLOR_NAME = AccentColor;
				CODE_SIGN_STYLE = Automatic;
				CURRENT_PROJECT_VERSION = 1;
				DEVELOPMENT_ASSET_PATHS = "\"IntegrationTestsRunner/Preview Content\"";
				DEVELOPMENT_TEAM = 8B528SGCJW;
				ENABLE_PREVIEWS = YES;
				GENERATE_INFOPLIST_FILE = YES;
				INFOPLIST_KEY_UIApplicationSceneManifest_Generation = YES;
				INFOPLIST_KEY_UIApplicationSupportsIndirectInputEvents = YES;
				INFOPLIST_KEY_UILaunchScreen_Generation = YES;
				INFOPLIST_KEY_UISupportedInterfaceOrientations_iPad = "UIInterfaceOrientationPortrait UIInterfaceOrientationPortraitUpsideDown UIInterfaceOrientationLandscapeLeft UIInterfaceOrientationLandscapeRight";
				INFOPLIST_KEY_UISupportedInterfaceOrientations_iPhone = "UIInterfaceOrientationPortrait UIInterfaceOrientationLandscapeLeft UIInterfaceOrientationLandscapeRight";
				IPHONEOS_DEPLOYMENT_TARGET = 15.2;
				LD_RUNPATH_SEARCH_PATHS = (
					"$(inherited)",
					"@executable_path/Frameworks",
				);
				MARKETING_VERSION = 1.0;
				PRODUCT_BUNDLE_IDENTIFIER = com.mytiki.IntegrationTestsRunner;
				PRODUCT_NAME = "$(TARGET_NAME)";
				SWIFT_EMIT_LOC_STRINGS = YES;
				SWIFT_VERSION = 5.0;
				TARGETED_DEVICE_FAMILY = "1,2";
			};
			name = Release;
		};
		8C616624294BC9B50032A058 /* Debug */ = {
			isa = XCBuildConfiguration;
			buildSettings = {
				ALWAYS_EMBED_SWIFT_STANDARD_LIBRARIES = YES;
				BUNDLE_LOADER = "$(TEST_HOST)";
				CODE_SIGN_STYLE = Automatic;
				CURRENT_PROJECT_VERSION = 1;
				DEVELOPMENT_TEAM = 8B528SGCJW;
				GENERATE_INFOPLIST_FILE = YES;
				IPHONEOS_DEPLOYMENT_TARGET = 15.2;
				MARKETING_VERSION = 1.0;
				PRODUCT_BUNDLE_IDENTIFIER = com.mytiki.IntegrationTestsRunnerTests;
				PRODUCT_NAME = "$(TARGET_NAME)";
				SWIFT_EMIT_LOC_STRINGS = NO;
				SWIFT_VERSION = 5.0;
				TARGETED_DEVICE_FAMILY = "1,2";
				TEST_HOST = "$(BUILT_PRODUCTS_DIR)/IntegrationTestsRunner.app/IntegrationTestsRunner";
			};
			name = Debug;
		};
		8C616625294BC9B50032A058 /* Release */ = {
			isa = XCBuildConfiguration;
			buildSettings = {
				ALWAYS_EMBED_SWIFT_STANDARD_LIBRARIES = YES;
				BUNDLE_LOADER = "$(TEST_HOST)";
				CODE_SIGN_STYLE = Automatic;
				CURRENT_PROJECT_VERSION = 1;
				DEVELOPMENT_TEAM = 8B528SGCJW;
				GENERATE_INFOPLIST_FILE = YES;
				IPHONEOS_DEPLOYMENT_TARGET = 15.2;
				MARKETING_VERSION = 1.0;
				PRODUCT_BUNDLE_IDENTIFIER = com.mytiki.IntegrationTestsRunnerTests;
				PRODUCT_NAME = "$(TARGET_NAME)";
				SWIFT_EMIT_LOC_STRINGS = NO;
				SWIFT_VERSION = 5.0;
				TARGETED_DEVICE_FAMILY = "1,2";
				TEST_HOST = "$(BUILT_PRODUCTS_DIR)/IntegrationTestsRunner.app/IntegrationTestsRunner";
			};
			name = Release;
		};
		8C85F84C293DD02300A35F1E /* Debug */ = {
			isa = XCBuildConfiguration;
			buildSettings = {
				ALWAYS_SEARCH_USER_PATHS = NO;
				CLANG_ANALYZER_NONNULL = YES;
				CLANG_ANALYZER_NUMBER_OBJECT_CONVERSION = YES_AGGRESSIVE;
				CLANG_CXX_LANGUAGE_STANDARD = "gnu++17";
				CLANG_CXX_LIBRARY = "libc++";
				CLANG_ENABLE_MODULES = YES;
				CLANG_ENABLE_OBJC_ARC = YES;
				CLANG_ENABLE_OBJC_WEAK = YES;
				CLANG_WARN_BLOCK_CAPTURE_AUTORELEASING = YES;
				CLANG_WARN_BOOL_CONVERSION = YES;
				CLANG_WARN_COMMA = YES;
				CLANG_WARN_CONSTANT_CONVERSION = YES;
				CLANG_WARN_DEPRECATED_OBJC_IMPLEMENTATIONS = YES;
				CLANG_WARN_DIRECT_OBJC_ISA_USAGE = YES_ERROR;
				CLANG_WARN_DOCUMENTATION_COMMENTS = YES;
				CLANG_WARN_EMPTY_BODY = YES;
				CLANG_WARN_ENUM_CONVERSION = YES;
				CLANG_WARN_INFINITE_RECURSION = YES;
				CLANG_WARN_INT_CONVERSION = YES;
				CLANG_WARN_NON_LITERAL_NULL_CONVERSION = YES;
				CLANG_WARN_OBJC_IMPLICIT_RETAIN_SELF = YES;
				CLANG_WARN_OBJC_LITERAL_CONVERSION = YES;
				CLANG_WARN_OBJC_ROOT_CLASS = YES_ERROR;
				CLANG_WARN_QUOTED_INCLUDE_IN_FRAMEWORK_HEADER = YES;
				CLANG_WARN_RANGE_LOOP_ANALYSIS = YES;
				CLANG_WARN_STRICT_PROTOTYPES = YES;
				CLANG_WARN_SUSPICIOUS_MOVE = YES;
				CLANG_WARN_UNGUARDED_AVAILABILITY = YES_AGGRESSIVE;
				CLANG_WARN_UNREACHABLE_CODE = YES;
				CLANG_WARN__DUPLICATE_METHOD_MATCH = YES;
				COPY_PHASE_STRIP = NO;
				DEBUG_INFORMATION_FORMAT = dwarf;
				ENABLE_STRICT_OBJC_MSGSEND = YES;
				ENABLE_TESTABILITY = YES;
				GCC_C_LANGUAGE_STANDARD = gnu11;
				GCC_DYNAMIC_NO_PIC = NO;
				GCC_NO_COMMON_BLOCKS = YES;
				GCC_OPTIMIZATION_LEVEL = 0;
				GCC_PREPROCESSOR_DEFINITIONS = (
					"DEBUG=1",
					"$(inherited)",
				);
				GCC_WARN_64_TO_32_BIT_CONVERSION = YES;
				GCC_WARN_ABOUT_RETURN_TYPE = YES_ERROR;
				GCC_WARN_UNDECLARED_SELECTOR = YES;
				GCC_WARN_UNINITIALIZED_AUTOS = YES_AGGRESSIVE;
				GCC_WARN_UNUSED_FUNCTION = YES;
				GCC_WARN_UNUSED_VARIABLE = YES;
				IPHONEOS_DEPLOYMENT_TARGET = 15.1;
				MTL_ENABLE_DEBUG_INFO = INCLUDE_SOURCE;
				MTL_FAST_MATH = YES;
				ONLY_ACTIVE_ARCH = YES;
				SDKROOT = iphoneos;
				SWIFT_ACTIVE_COMPILATION_CONDITIONS = DEBUG;
				SWIFT_OPTIMIZATION_LEVEL = "-Onone";
			};
			name = Debug;
		};
		8C85F84D293DD02300A35F1E /* Release */ = {
			isa = XCBuildConfiguration;
			buildSettings = {
				ALWAYS_SEARCH_USER_PATHS = NO;
				CLANG_ANALYZER_NONNULL = YES;
				CLANG_ANALYZER_NUMBER_OBJECT_CONVERSION = YES_AGGRESSIVE;
				CLANG_CXX_LANGUAGE_STANDARD = "gnu++17";
				CLANG_CXX_LIBRARY = "libc++";
				CLANG_ENABLE_MODULES = YES;
				CLANG_ENABLE_OBJC_ARC = YES;
				CLANG_ENABLE_OBJC_WEAK = YES;
				CLANG_WARN_BLOCK_CAPTURE_AUTORELEASING = YES;
				CLANG_WARN_BOOL_CONVERSION = YES;
				CLANG_WARN_COMMA = YES;
				CLANG_WARN_CONSTANT_CONVERSION = YES;
				CLANG_WARN_DEPRECATED_OBJC_IMPLEMENTATIONS = YES;
				CLANG_WARN_DIRECT_OBJC_ISA_USAGE = YES_ERROR;
				CLANG_WARN_DOCUMENTATION_COMMENTS = YES;
				CLANG_WARN_EMPTY_BODY = YES;
				CLANG_WARN_ENUM_CONVERSION = YES;
				CLANG_WARN_INFINITE_RECURSION = YES;
				CLANG_WARN_INT_CONVERSION = YES;
				CLANG_WARN_NON_LITERAL_NULL_CONVERSION = YES;
				CLANG_WARN_OBJC_IMPLICIT_RETAIN_SELF = YES;
				CLANG_WARN_OBJC_LITERAL_CONVERSION = YES;
				CLANG_WARN_OBJC_ROOT_CLASS = YES_ERROR;
				CLANG_WARN_QUOTED_INCLUDE_IN_FRAMEWORK_HEADER = YES;
				CLANG_WARN_RANGE_LOOP_ANALYSIS = YES;
				CLANG_WARN_STRICT_PROTOTYPES = YES;
				CLANG_WARN_SUSPICIOUS_MOVE = YES;
				CLANG_WARN_UNGUARDED_AVAILABILITY = YES_AGGRESSIVE;
				CLANG_WARN_UNREACHABLE_CODE = YES;
				CLANG_WARN__DUPLICATE_METHOD_MATCH = YES;
				COPY_PHASE_STRIP = NO;
				DEBUG_INFORMATION_FORMAT = "dwarf-with-dsym";
				ENABLE_NS_ASSERTIONS = NO;
				ENABLE_STRICT_OBJC_MSGSEND = YES;
				GCC_C_LANGUAGE_STANDARD = gnu11;
				GCC_NO_COMMON_BLOCKS = YES;
				GCC_WARN_64_TO_32_BIT_CONVERSION = YES;
				GCC_WARN_ABOUT_RETURN_TYPE = YES_ERROR;
				GCC_WARN_UNDECLARED_SELECTOR = YES;
				GCC_WARN_UNINITIALIZED_AUTOS = YES_AGGRESSIVE;
				GCC_WARN_UNUSED_FUNCTION = YES;
				GCC_WARN_UNUSED_VARIABLE = YES;
				IPHONEOS_DEPLOYMENT_TARGET = 15.1;
				MTL_ENABLE_DEBUG_INFO = NO;
				MTL_FAST_MATH = YES;
				SDKROOT = iphoneos;
				SWIFT_COMPILATION_MODE = wholemodule;
				SWIFT_OPTIMIZATION_LEVEL = "-O";
				VALIDATE_PRODUCT = YES;
			};
			name = Release;
		};
/* End XCBuildConfiguration section */

/* Begin XCConfigurationList section */
		8C616620294BC9B50032A058 /* Build configuration list for PBXNativeTarget "IntegrationTestsRunner" */ = {
			isa = XCConfigurationList;
			buildConfigurations = (
				8C616621294BC9B50032A058 /* Debug */,
				8C616622294BC9B50032A058 /* Release */,
			);
			defaultConfigurationIsVisible = 0;
			defaultConfigurationName = Release;
		};
		8C616623294BC9B50032A058 /* Build configuration list for PBXNativeTarget "IntegrationTests" */ = {
			isa = XCConfigurationList;
			buildConfigurations = (
				8C616624294BC9B50032A058 /* Debug */,
				8C616625294BC9B50032A058 /* Release */,
			);
			defaultConfigurationIsVisible = 0;
			defaultConfigurationName = Release;
		};
		8C85F825293DD02100A35F1E /* Build configuration list for PBXProject "IntegrationTests" */ = {
			isa = XCConfigurationList;
			buildConfigurations = (
				8C85F84C293DD02300A35F1E /* Debug */,
				8C85F84D293DD02300A35F1E /* Release */,
			);
			defaultConfigurationIsVisible = 0;
			defaultConfigurationName = Release;
		};
/* End XCConfigurationList section */

/* Begin XCSwiftPackageProductDependency section */
		8C616629294BCA030032A058 /* TikiSdk */ = {
			isa = XCSwiftPackageProductDependency;
			productName = TikiSdk;
		};
/* End XCSwiftPackageProductDependency section */
	};
	rootObject = 8C85F822293DD02100A35F1E /* Project object */;
}
