// !$*UTF8*$!
{
	archiveVersion = 1;
	classes = {
	};
	objectVersion = 55;
	objects = {

/* Begin PBXBuildFile section */
		8C85F82E293DD02100A35F1E /* TikiSdkHostApp.swift in Sources */ = {isa = PBXBuildFile; fileRef = 8C85F82D293DD02100A35F1E /* TikiSdkHostApp.swift */; };
		8C85F830293DD02100A35F1E /* ContentView.swift in Sources */ = {isa = PBXBuildFile; fileRef = 8C85F82F293DD02100A35F1E /* ContentView.swift */; };
		8C85F832293DD02300A35F1E /* Assets.xcassets in Resources */ = {isa = PBXBuildFile; fileRef = 8C85F831293DD02300A35F1E /* Assets.xcassets */; };
		8C85F835293DD02300A35F1E /* Preview Assets.xcassets in Resources */ = {isa = PBXBuildFile; fileRef = 8C85F834293DD02300A35F1E /* Preview Assets.xcassets */; };
		8C85F83F293DD02300A35F1E /* TikiSdkHostAppTests.swift in Sources */ = {isa = PBXBuildFile; fileRef = 8C85F83E293DD02300A35F1E /* TikiSdkHostAppTests.swift */; };
		8C85F849293DD02300A35F1E /* TikiSdkHostAppUITests.swift in Sources */ = {isa = PBXBuildFile; fileRef = 8C85F848293DD02300A35F1E /* TikiSdkHostAppUITests.swift */; };
		8C85F84B293DD02300A35F1E /* TikiSdkHostAppUITestsLaunchTests.swift in Sources */ = {isa = PBXBuildFile; fileRef = 8C85F84A293DD02300A35F1E /* TikiSdkHostAppUITestsLaunchTests.swift */; };
		8CEDC9472949FD2F00916BFA /* TikiSdk in Frameworks */ = {isa = PBXBuildFile; productRef = 8CEDC9462949FD2F00916BFA /* TikiSdk */; };
/* End PBXBuildFile section */

/* Begin PBXContainerItemProxy section */
		8C85F83B293DD02300A35F1E /* PBXContainerItemProxy */ = {
			isa = PBXContainerItemProxy;
			containerPortal = 8C85F822293DD02100A35F1E /* Project object */;
			proxyType = 1;
			remoteGlobalIDString = 8C85F829293DD02100A35F1E;
			remoteInfo = sampleapp;
		};
		8C85F845293DD02300A35F1E /* PBXContainerItemProxy */ = {
			isa = PBXContainerItemProxy;
			containerPortal = 8C85F822293DD02100A35F1E /* Project object */;
			proxyType = 1;
			remoteGlobalIDString = 8C85F829293DD02100A35F1E;
			remoteInfo = sampleapp;
		};
/* End PBXContainerItemProxy section */

/* Begin PBXFileReference section */
		8C85F82A293DD02100A35F1E /* TikiSdkHostApp.app */ = {isa = PBXFileReference; explicitFileType = wrapper.application; includeInIndex = 0; path = TikiSdkHostApp.app; sourceTree = BUILT_PRODUCTS_DIR; };
		8C85F82D293DD02100A35F1E /* TikiSdkHostApp.swift */ = {isa = PBXFileReference; lastKnownFileType = sourcecode.swift; path = TikiSdkHostApp.swift; sourceTree = "<group>"; };
		8C85F82F293DD02100A35F1E /* ContentView.swift */ = {isa = PBXFileReference; lastKnownFileType = sourcecode.swift; path = ContentView.swift; sourceTree = "<group>"; };
		8C85F831293DD02300A35F1E /* Assets.xcassets */ = {isa = PBXFileReference; lastKnownFileType = folder.assetcatalog; path = Assets.xcassets; sourceTree = "<group>"; };
		8C85F834293DD02300A35F1E /* Preview Assets.xcassets */ = {isa = PBXFileReference; lastKnownFileType = folder.assetcatalog; path = "Preview Assets.xcassets"; sourceTree = "<group>"; };
		8C85F83A293DD02300A35F1E /* TikiSdkHostAppTests.xctest */ = {isa = PBXFileReference; explicitFileType = wrapper.cfbundle; includeInIndex = 0; path = TikiSdkHostAppTests.xctest; sourceTree = BUILT_PRODUCTS_DIR; };
		8C85F83E293DD02300A35F1E /* TikiSdkHostAppTests.swift */ = {isa = PBXFileReference; lastKnownFileType = sourcecode.swift; path = TikiSdkHostAppTests.swift; sourceTree = "<group>"; };
		8C85F844293DD02300A35F1E /* TikiSdkHostAppUITests.xctest */ = {isa = PBXFileReference; explicitFileType = wrapper.cfbundle; includeInIndex = 0; path = TikiSdkHostAppUITests.xctest; sourceTree = BUILT_PRODUCTS_DIR; };
		8C85F848293DD02300A35F1E /* TikiSdkHostAppUITests.swift */ = {isa = PBXFileReference; lastKnownFileType = sourcecode.swift; path = TikiSdkHostAppUITests.swift; sourceTree = "<group>"; };
		8C85F84A293DD02300A35F1E /* TikiSdkHostAppUITestsLaunchTests.swift */ = {isa = PBXFileReference; lastKnownFileType = sourcecode.swift; path = TikiSdkHostAppUITestsLaunchTests.swift; sourceTree = "<group>"; };
		8CEDC949294A0A4000916BFA /* tiki-sdk-ios */ = {isa = PBXFileReference; lastKnownFileType = wrapper; name = "tiki-sdk-ios"; path = ..; sourceTree = "<group>"; };
/* End PBXFileReference section */

/* Begin PBXFrameworksBuildPhase section */
		8C85F827293DD02100A35F1E /* Frameworks */ = {
			isa = PBXFrameworksBuildPhase;
			buildActionMask = 2147483647;
			files = (
				8CEDC9472949FD2F00916BFA /* TikiSdk in Frameworks */,
			);
			runOnlyForDeploymentPostprocessing = 0;
		};
		8C85F837293DD02300A35F1E /* Frameworks */ = {
			isa = PBXFrameworksBuildPhase;
			buildActionMask = 2147483647;
			files = (
			);
			runOnlyForDeploymentPostprocessing = 0;
		};
		8C85F841293DD02300A35F1E /* Frameworks */ = {
			isa = PBXFrameworksBuildPhase;
			buildActionMask = 2147483647;
			files = (
			);
			runOnlyForDeploymentPostprocessing = 0;
		};
/* End PBXFrameworksBuildPhase section */

/* Begin PBXGroup section */
		8C6CBC6A293E0308006FF9E5 /* Frameworks */ = {
			isa = PBXGroup;
			children = (
			);
			name = Frameworks;
			sourceTree = "<group>";
		};
		8C85F821293DD02100A35F1E = {
			isa = PBXGroup;
			children = (
				8CEDC948294A0A4000916BFA /* Packages */,
				8C85F82C293DD02100A35F1E /* TikiSdkHostApp */,
				8C85F83D293DD02300A35F1E /* TikiSdkHostAppTests */,
				8C85F847293DD02300A35F1E /* TikiSdkHostAppUITests */,
				8C85F82B293DD02100A35F1E /* Products */,
				8C6CBC6A293E0308006FF9E5 /* Frameworks */,
			);
			sourceTree = "<group>";
		};
		8C85F82B293DD02100A35F1E /* Products */ = {
			isa = PBXGroup;
			children = (
				8C85F82A293DD02100A35F1E /* TikiSdkHostApp.app */,
				8C85F83A293DD02300A35F1E /* TikiSdkHostAppTests.xctest */,
				8C85F844293DD02300A35F1E /* TikiSdkHostAppUITests.xctest */,
			);
			name = Products;
			sourceTree = "<group>";
		};
		8C85F82C293DD02100A35F1E /* TikiSdkHostApp */ = {
			isa = PBXGroup;
			children = (
				8C85F82D293DD02100A35F1E /* TikiSdkHostApp.swift */,
				8C85F82F293DD02100A35F1E /* ContentView.swift */,
				8C85F831293DD02300A35F1E /* Assets.xcassets */,
				8C85F833293DD02300A35F1E /* Preview Content */,
			);
			path = TikiSdkHostApp;
			sourceTree = "<group>";
		};
		8C85F833293DD02300A35F1E /* Preview Content */ = {
			isa = PBXGroup;
			children = (
				8C85F834293DD02300A35F1E /* Preview Assets.xcassets */,
			);
			path = "Preview Content";
			sourceTree = "<group>";
		};
		8C85F83D293DD02300A35F1E /* TikiSdkHostAppTests */ = {
			isa = PBXGroup;
			children = (
				8C85F83E293DD02300A35F1E /* TikiSdkHostAppTests.swift */,
			);
			path = TikiSdkHostAppTests;
			sourceTree = "<group>";
		};
		8C85F847293DD02300A35F1E /* TikiSdkHostAppUITests */ = {
			isa = PBXGroup;
			children = (
				8C85F848293DD02300A35F1E /* TikiSdkHostAppUITests.swift */,
				8C85F84A293DD02300A35F1E /* TikiSdkHostAppUITestsLaunchTests.swift */,
			);
			path = TikiSdkHostAppUITests;
			sourceTree = "<group>";
		};
		8CEDC948294A0A4000916BFA /* Packages */ = {
			isa = PBXGroup;
			children = (
				8CEDC949294A0A4000916BFA /* tiki-sdk-ios */,
			);
			name = Packages;
			sourceTree = "<group>";
		};
/* End PBXGroup section */

/* Begin PBXNativeTarget section */
		8C85F829293DD02100A35F1E /* TikiSdkHostApp */ = {
			isa = PBXNativeTarget;
			buildConfigurationList = 8C85F84E293DD02300A35F1E /* Build configuration list for PBXNativeTarget "TikiSdkHostApp" */;
			buildPhases = (
				8C85F826293DD02100A35F1E /* Sources */,
				8C85F827293DD02100A35F1E /* Frameworks */,
				8C85F828293DD02100A35F1E /* Resources */,
			);
			buildRules = (
			);
			dependencies = (
			);
			name = TikiSdkHostApp;
			packageProductDependencies = (
				8CEDC9462949FD2F00916BFA /* TikiSdk */,
			);
			productName = sampleapp;
			productReference = 8C85F82A293DD02100A35F1E /* TikiSdkHostApp.app */;
			productType = "com.apple.product-type.application";
		};
		8C85F839293DD02300A35F1E /* TikiSdkHostAppTests */ = {
			isa = PBXNativeTarget;
			buildConfigurationList = 8C85F851293DD02300A35F1E /* Build configuration list for PBXNativeTarget "TikiSdkHostAppTests" */;
			buildPhases = (
				8C85F836293DD02300A35F1E /* Sources */,
				8C85F837293DD02300A35F1E /* Frameworks */,
				8C85F838293DD02300A35F1E /* Resources */,
			);
			buildRules = (
			);
			dependencies = (
				8C85F83C293DD02300A35F1E /* PBXTargetDependency */,
			);
			name = TikiSdkHostAppTests;
			productName = sampleappTests;
			productReference = 8C85F83A293DD02300A35F1E /* TikiSdkHostAppTests.xctest */;
			productType = "com.apple.product-type.bundle.unit-test";
		};
		8C85F843293DD02300A35F1E /* TikiSdkHostAppUITests */ = {
			isa = PBXNativeTarget;
			buildConfigurationList = 8C85F854293DD02300A35F1E /* Build configuration list for PBXNativeTarget "TikiSdkHostAppUITests" */;
			buildPhases = (
				8C85F840293DD02300A35F1E /* Sources */,
				8C85F841293DD02300A35F1E /* Frameworks */,
				8C85F842293DD02300A35F1E /* Resources */,
			);
			buildRules = (
			);
			dependencies = (
				8C85F846293DD02300A35F1E /* PBXTargetDependency */,
			);
			name = TikiSdkHostAppUITests;
			productName = sampleappUITests;
			productReference = 8C85F844293DD02300A35F1E /* TikiSdkHostAppUITests.xctest */;
			productType = "com.apple.product-type.bundle.ui-testing";
		};
/* End PBXNativeTarget section */

/* Begin PBXProject section */
		8C85F822293DD02100A35F1E /* Project object */ = {
			isa = PBXProject;
			attributes = {
				BuildIndependentTargetsInParallel = 1;
				LastSwiftUpdateCheck = 1320;
				LastUpgradeCheck = 1320;
				TargetAttributes = {
					8C85F829293DD02100A35F1E = {
						CreatedOnToolsVersion = 13.2.1;
					};
					8C85F839293DD02300A35F1E = {
						CreatedOnToolsVersion = 13.2.1;
						TestTargetID = 8C85F829293DD02100A35F1E;
					};
					8C85F843293DD02300A35F1E = {
						CreatedOnToolsVersion = 13.2.1;
						TestTargetID = 8C85F829293DD02100A35F1E;
					};
				};
			};
			buildConfigurationList = 8C85F825293DD02100A35F1E /* Build configuration list for PBXProject "TikiSdkHostApp" */;
			compatibilityVersion = "Xcode 13.0";
			developmentRegion = en;
			hasScannedForEncodings = 0;
			knownRegions = (
				en,
				Base,
			);
			mainGroup = 8C85F821293DD02100A35F1E;
			packageReferences = (
			);
			productRefGroup = 8C85F82B293DD02100A35F1E /* Products */;
			projectDirPath = "";
			projectRoot = "";
			targets = (
				8C85F829293DD02100A35F1E /* TikiSdkHostApp */,
				8C85F839293DD02300A35F1E /* TikiSdkHostAppTests */,
				8C85F843293DD02300A35F1E /* TikiSdkHostAppUITests */,
			);
		};
/* End PBXProject section */

/* Begin PBXResourcesBuildPhase section */
		8C85F828293DD02100A35F1E /* Resources */ = {
			isa = PBXResourcesBuildPhase;
			buildActionMask = 2147483647;
			files = (
				8C85F835293DD02300A35F1E /* Preview Assets.xcassets in Resources */,
				8C85F832293DD02300A35F1E /* Assets.xcassets in Resources */,
			);
			runOnlyForDeploymentPostprocessing = 0;
		};
		8C85F838293DD02300A35F1E /* Resources */ = {
			isa = PBXResourcesBuildPhase;
			buildActionMask = 2147483647;
			files = (
			);
			runOnlyForDeploymentPostprocessing = 0;
		};
		8C85F842293DD02300A35F1E /* Resources */ = {
			isa = PBXResourcesBuildPhase;
			buildActionMask = 2147483647;
			files = (
			);
			runOnlyForDeploymentPostprocessing = 0;
		};
/* End PBXResourcesBuildPhase section */

/* Begin PBXSourcesBuildPhase section */
		8C85F826293DD02100A35F1E /* Sources */ = {
			isa = PBXSourcesBuildPhase;
			buildActionMask = 2147483647;
			files = (
				8C85F830293DD02100A35F1E /* ContentView.swift in Sources */,
				8C85F82E293DD02100A35F1E /* TikiSdkHostApp.swift in Sources */,
			);
			runOnlyForDeploymentPostprocessing = 0;
		};
		8C85F836293DD02300A35F1E /* Sources */ = {
			isa = PBXSourcesBuildPhase;
			buildActionMask = 2147483647;
			files = (
				8C85F83F293DD02300A35F1E /* TikiSdkHostAppTests.swift in Sources */,
			);
			runOnlyForDeploymentPostprocessing = 0;
		};
		8C85F840293DD02300A35F1E /* Sources */ = {
			isa = PBXSourcesBuildPhase;
			buildActionMask = 2147483647;
			files = (
				8C85F84B293DD02300A35F1E /* TikiSdkHostAppUITestsLaunchTests.swift in Sources */,
				8C85F849293DD02300A35F1E /* TikiSdkHostAppUITests.swift in Sources */,
			);
			runOnlyForDeploymentPostprocessing = 0;
		};
/* End PBXSourcesBuildPhase section */

/* Begin PBXTargetDependency section */
		8C85F83C293DD02300A35F1E /* PBXTargetDependency */ = {
			isa = PBXTargetDependency;
			target = 8C85F829293DD02100A35F1E /* TikiSdkHostApp */;
			targetProxy = 8C85F83B293DD02300A35F1E /* PBXContainerItemProxy */;
		};
		8C85F846293DD02300A35F1E /* PBXTargetDependency */ = {
			isa = PBXTargetDependency;
			target = 8C85F829293DD02100A35F1E /* TikiSdkHostApp */;
			targetProxy = 8C85F845293DD02300A35F1E /* PBXContainerItemProxy */;
		};
/* End PBXTargetDependency section */

/* Begin XCBuildConfiguration section */
		8C85F84C293DD02300A35F1E /* Debug */ = {
			isa = XCBuildConfiguration;
			buildSettings = {
				ALWAYS_SEARCH_USER_PATHS = NO;
				CLANG_ANALYZER_NONNULL = YES;
				CLANG_ANALYZER_NUMBER_OBJECT_CONVERSION = YES_AGGRESSIVE;
				CLANG_CXX_LANGUAGE_STANDARD = "gnu++17";
				CLANG_CXX_LIBRARY = "libc++";
				CLANG_ENABLE_MODULES = YES;
				CLANG_ENABLE_OBJC_ARC = YES;
				CLANG_ENABLE_OBJC_WEAK = YES;
				CLANG_WARN_BLOCK_CAPTURE_AUTORELEASING = YES;
				CLANG_WARN_BOOL_CONVERSION = YES;
				CLANG_WARN_COMMA = YES;
				CLANG_WARN_CONSTANT_CONVERSION = YES;
				CLANG_WARN_DEPRECATED_OBJC_IMPLEMENTATIONS = YES;
				CLANG_WARN_DIRECT_OBJC_ISA_USAGE = YES_ERROR;
				CLANG_WARN_DOCUMENTATION_COMMENTS = YES;
				CLANG_WARN_EMPTY_BODY = YES;
				CLANG_WARN_ENUM_CONVERSION = YES;
				CLANG_WARN_INFINITE_RECURSION = YES;
				CLANG_WARN_INT_CONVERSION = YES;
				CLANG_WARN_NON_LITERAL_NULL_CONVERSION = YES;
				CLANG_WARN_OBJC_IMPLICIT_RETAIN_SELF = YES;
				CLANG_WARN_OBJC_LITERAL_CONVERSION = YES;
				CLANG_WARN_OBJC_ROOT_CLASS = YES_ERROR;
				CLANG_WARN_QUOTED_INCLUDE_IN_FRAMEWORK_HEADER = YES;
				CLANG_WARN_RANGE_LOOP_ANALYSIS = YES;
				CLANG_WARN_STRICT_PROTOTYPES = YES;
				CLANG_WARN_SUSPICIOUS_MOVE = YES;
				CLANG_WARN_UNGUARDED_AVAILABILITY = YES_AGGRESSIVE;
				CLANG_WARN_UNREACHABLE_CODE = YES;
				CLANG_WARN__DUPLICATE_METHOD_MATCH = YES;
				COPY_PHASE_STRIP = NO;
				DEBUG_INFORMATION_FORMAT = dwarf;
				ENABLE_STRICT_OBJC_MSGSEND = YES;
				ENABLE_TESTABILITY = YES;
				GCC_C_LANGUAGE_STANDARD = gnu11;
				GCC_DYNAMIC_NO_PIC = NO;
				GCC_NO_COMMON_BLOCKS = YES;
				GCC_OPTIMIZATION_LEVEL = 0;
				GCC_PREPROCESSOR_DEFINITIONS = (
					"DEBUG=1",
					"$(inherited)",
				);
				GCC_WARN_64_TO_32_BIT_CONVERSION = YES;
				GCC_WARN_ABOUT_RETURN_TYPE = YES_ERROR;
				GCC_WARN_UNDECLARED_SELECTOR = YES;
				GCC_WARN_UNINITIALIZED_AUTOS = YES_AGGRESSIVE;
				GCC_WARN_UNUSED_FUNCTION = YES;
				GCC_WARN_UNUSED_VARIABLE = YES;
				IPHONEOS_DEPLOYMENT_TARGET = 15.1;
				MTL_ENABLE_DEBUG_INFO = INCLUDE_SOURCE;
				MTL_FAST_MATH = YES;
				ONLY_ACTIVE_ARCH = YES;
				SDKROOT = iphoneos;
				SWIFT_ACTIVE_COMPILATION_CONDITIONS = DEBUG;
				SWIFT_OPTIMIZATION_LEVEL = "-Onone";
			};
			name = Debug;
		};
		8C85F84D293DD02300A35F1E /* Release */ = {
			isa = XCBuildConfiguration;
			buildSettings = {
				ALWAYS_SEARCH_USER_PATHS = NO;
				CLANG_ANALYZER_NONNULL = YES;
				CLANG_ANALYZER_NUMBER_OBJECT_CONVERSION = YES_AGGRESSIVE;
				CLANG_CXX_LANGUAGE_STANDARD = "gnu++17";
				CLANG_CXX_LIBRARY = "libc++";
				CLANG_ENABLE_MODULES = YES;
				CLANG_ENABLE_OBJC_ARC = YES;
				CLANG_ENABLE_OBJC_WEAK = YES;
				CLANG_WARN_BLOCK_CAPTURE_AUTORELEASING = YES;
				CLANG_WARN_BOOL_CONVERSION = YES;
				CLANG_WARN_COMMA = YES;
				CLANG_WARN_CONSTANT_CONVERSION = YES;
				CLANG_WARN_DEPRECATED_OBJC_IMPLEMENTATIONS = YES;
				CLANG_WARN_DIRECT_OBJC_ISA_USAGE = YES_ERROR;
				CLANG_WARN_DOCUMENTATION_COMMENTS = YES;
				CLANG_WARN_EMPTY_BODY = YES;
				CLANG_WARN_ENUM_CONVERSION = YES;
				CLANG_WARN_INFINITE_RECURSION = YES;
				CLANG_WARN_INT_CONVERSION = YES;
				CLANG_WARN_NON_LITERAL_NULL_CONVERSION = YES;
				CLANG_WARN_OBJC_IMPLICIT_RETAIN_SELF = YES;
				CLANG_WARN_OBJC_LITERAL_CONVERSION = YES;
				CLANG_WARN_OBJC_ROOT_CLASS = YES_ERROR;
				CLANG_WARN_QUOTED_INCLUDE_IN_FRAMEWORK_HEADER = YES;
				CLANG_WARN_RANGE_LOOP_ANALYSIS = YES;
				CLANG_WARN_STRICT_PROTOTYPES = YES;
				CLANG_WARN_SUSPICIOUS_MOVE = YES;
				CLANG_WARN_UNGUARDED_AVAILABILITY = YES_AGGRESSIVE;
				CLANG_WARN_UNREACHABLE_CODE = YES;
				CLANG_WARN__DUPLICATE_METHOD_MATCH = YES;
				COPY_PHASE_STRIP = NO;
				DEBUG_INFORMATION_FORMAT = "dwarf-with-dsym";
				ENABLE_NS_ASSERTIONS = NO;
				ENABLE_STRICT_OBJC_MSGSEND = YES;
				GCC_C_LANGUAGE_STANDARD = gnu11;
				GCC_NO_COMMON_BLOCKS = YES;
				GCC_WARN_64_TO_32_BIT_CONVERSION = YES;
				GCC_WARN_ABOUT_RETURN_TYPE = YES_ERROR;
				GCC_WARN_UNDECLARED_SELECTOR = YES;
				GCC_WARN_UNINITIALIZED_AUTOS = YES_AGGRESSIVE;
				GCC_WARN_UNUSED_FUNCTION = YES;
				GCC_WARN_UNUSED_VARIABLE = YES;
				IPHONEOS_DEPLOYMENT_TARGET = 15.1;
				MTL_ENABLE_DEBUG_INFO = NO;
				MTL_FAST_MATH = YES;
				SDKROOT = iphoneos;
				SWIFT_COMPILATION_MODE = wholemodule;
				SWIFT_OPTIMIZATION_LEVEL = "-O";
				VALIDATE_PRODUCT = YES;
			};
			name = Release;
		};
		8C85F84F293DD02300A35F1E /* Debug */ = {
			isa = XCBuildConfiguration;
			buildSettings = {
				ASSETCATALOG_COMPILER_APPICON_NAME = AppIcon;
				ASSETCATALOG_COMPILER_GLOBAL_ACCENT_COLOR_NAME = AccentColor;
				CODE_SIGN_STYLE = Automatic;
				CURRENT_PROJECT_VERSION = 1;
				DEVELOPMENT_ASSET_PATHS = "\"TikiSdkHostApp/Preview Content\"";
				DEVELOPMENT_TEAM = VP9622NCNX;
				ENABLE_PREVIEWS = YES;
				GENERATE_INFOPLIST_FILE = YES;
				INFOPLIST_KEY_UIApplicationSceneManifest_Generation = YES;
				INFOPLIST_KEY_UIApplicationSupportsIndirectInputEvents = YES;
				INFOPLIST_KEY_UILaunchScreen_Generation = YES;
				INFOPLIST_KEY_UISupportedInterfaceOrientations_iPad = "UIInterfaceOrientationPortrait UIInterfaceOrientationPortraitUpsideDown UIInterfaceOrientationLandscapeLeft UIInterfaceOrientationLandscapeRight";
				INFOPLIST_KEY_UISupportedInterfaceOrientations_iPhone = "UIInterfaceOrientationPortrait UIInterfaceOrientationLandscapeLeft UIInterfaceOrientationLandscapeRight";
				LD_RUNPATH_SEARCH_PATHS = (
					"$(inherited)",
					"@executable_path/Frameworks",
				);
				MARKETING_VERSION = 1.0;
				PRODUCT_BUNDLE_IDENTIFIER = com.mytiki.sampleapp;
				PRODUCT_NAME = "$(TARGET_NAME)";
				SWIFT_EMIT_LOC_STRINGS = YES;
				SWIFT_VERSION = 5.0;
				TARGETED_DEVICE_FAMILY = "1,2";
			};
			name = Debug;
		};
		8C85F850293DD02300A35F1E /* Release */ = {
			isa = XCBuildConfiguration;
			buildSettings = {
				ASSETCATALOG_COMPILER_APPICON_NAME = AppIcon;
				ASSETCATALOG_COMPILER_GLOBAL_ACCENT_COLOR_NAME = AccentColor;
				CODE_SIGN_STYLE = Automatic;
				CURRENT_PROJECT_VERSION = 1;
				DEVELOPMENT_ASSET_PATHS = "\"TikiSdkHostApp/Preview Content\"";
				DEVELOPMENT_TEAM = VP9622NCNX;
				ENABLE_PREVIEWS = YES;
				GENERATE_INFOPLIST_FILE = YES;
				INFOPLIST_KEY_UIApplicationSceneManifest_Generation = YES;
				INFOPLIST_KEY_UIApplicationSupportsIndirectInputEvents = YES;
				INFOPLIST_KEY_UILaunchScreen_Generation = YES;
				INFOPLIST_KEY_UISupportedInterfaceOrientations_iPad = "UIInterfaceOrientationPortrait UIInterfaceOrientationPortraitUpsideDown UIInterfaceOrientationLandscapeLeft UIInterfaceOrientationLandscapeRight";
				INFOPLIST_KEY_UISupportedInterfaceOrientations_iPhone = "UIInterfaceOrientationPortrait UIInterfaceOrientationLandscapeLeft UIInterfaceOrientationLandscapeRight";
				LD_RUNPATH_SEARCH_PATHS = (
					"$(inherited)",
					"@executable_path/Frameworks",
				);
				MARKETING_VERSION = 1.0;
				PRODUCT_BUNDLE_IDENTIFIER = com.mytiki.sampleapp;
				PRODUCT_NAME = "$(TARGET_NAME)";
				SWIFT_EMIT_LOC_STRINGS = YES;
				SWIFT_VERSION = 5.0;
				TARGETED_DEVICE_FAMILY = "1,2";
			};
			name = Release;
		};
		8C85F852293DD02300A35F1E /* Debug */ = {
			isa = XCBuildConfiguration;
			buildSettings = {
				ALWAYS_EMBED_SWIFT_STANDARD_LIBRARIES = YES;
				BUNDLE_LOADER = "$(TEST_HOST)";
				CODE_SIGN_STYLE = Automatic;
				CURRENT_PROJECT_VERSION = 1;
				DEVELOPMENT_TEAM = VP9622NCNX;
				GENERATE_INFOPLIST_FILE = YES;
				IPHONEOS_DEPLOYMENT_TARGET = 15.2;
				MARKETING_VERSION = 1.0;
				PRODUCT_BUNDLE_IDENTIFIER = com.mytiki.sampleappTests;
				PRODUCT_NAME = "$(TARGET_NAME)";
				SWIFT_EMIT_LOC_STRINGS = NO;
				SWIFT_VERSION = 5.0;
				TARGETED_DEVICE_FAMILY = "1,2";
				TEST_HOST = "$(BUILT_PRODUCTS_DIR)/TikiSdkHostApp.app/TikiSdkHostApp";
			};
			name = Debug;
		};
		8C85F853293DD02300A35F1E /* Release */ = {
			isa = XCBuildConfiguration;
			buildSettings = {
				ALWAYS_EMBED_SWIFT_STANDARD_LIBRARIES = YES;
				BUNDLE_LOADER = "$(TEST_HOST)";
				CODE_SIGN_STYLE = Automatic;
				CURRENT_PROJECT_VERSION = 1;
				DEVELOPMENT_TEAM = VP9622NCNX;
				GENERATE_INFOPLIST_FILE = YES;
				IPHONEOS_DEPLOYMENT_TARGET = 15.2;
				MARKETING_VERSION = 1.0;
				PRODUCT_BUNDLE_IDENTIFIER = com.mytiki.sampleappTests;
				PRODUCT_NAME = "$(TARGET_NAME)";
				SWIFT_EMIT_LOC_STRINGS = NO;
				SWIFT_VERSION = 5.0;
				TARGETED_DEVICE_FAMILY = "1,2";
				TEST_HOST = "$(BUILT_PRODUCTS_DIR)/TikiSdkHostApp.app/TikiSdkHostApp";
			};
			name = Release;
		};
		8C85F855293DD02300A35F1E /* Debug */ = {
			isa = XCBuildConfiguration;
			buildSettings = {
				ALWAYS_EMBED_SWIFT_STANDARD_LIBRARIES = YES;
				CODE_SIGN_STYLE = Automatic;
				CURRENT_PROJECT_VERSION = 1;
				DEVELOPMENT_TEAM = VP9622NCNX;
				GENERATE_INFOPLIST_FILE = YES;
				MARKETING_VERSION = 1.0;
				PRODUCT_BUNDLE_IDENTIFIER = com.mytiki.sampleappUITests;
				PRODUCT_NAME = "$(TARGET_NAME)";
				SWIFT_EMIT_LOC_STRINGS = NO;
				SWIFT_VERSION = 5.0;
				TARGETED_DEVICE_FAMILY = "1,2";
				TEST_TARGET_NAME = sampleapp;
			};
			name = Debug;
		};
		8C85F856293DD02300A35F1E /* Release */ = {
			isa = XCBuildConfiguration;
			buildSettings = {
				ALWAYS_EMBED_SWIFT_STANDARD_LIBRARIES = YES;
				CODE_SIGN_STYLE = Automatic;
				CURRENT_PROJECT_VERSION = 1;
				DEVELOPMENT_TEAM = VP9622NCNX;
				GENERATE_INFOPLIST_FILE = YES;
				MARKETING_VERSION = 1.0;
				PRODUCT_BUNDLE_IDENTIFIER = com.mytiki.sampleappUITests;
				PRODUCT_NAME = "$(TARGET_NAME)";
				SWIFT_EMIT_LOC_STRINGS = NO;
				SWIFT_VERSION = 5.0;
				TARGETED_DEVICE_FAMILY = "1,2";
				TEST_TARGET_NAME = sampleapp;
			};
			name = Release;
		};
/* End XCBuildConfiguration section */

/* Begin XCConfigurationList section */
		8C85F825293DD02100A35F1E /* Build configuration list for PBXProject "TikiSdkHostApp" */ = {
			isa = XCConfigurationList;
			buildConfigurations = (
				8C85F84C293DD02300A35F1E /* Debug */,
				8C85F84D293DD02300A35F1E /* Release */,
			);
			defaultConfigurationIsVisible = 0;
			defaultConfigurationName = Release;
		};
		8C85F84E293DD02300A35F1E /* Build configuration list for PBXNativeTarget "TikiSdkHostApp" */ = {
			isa = XCConfigurationList;
			buildConfigurations = (
				8C85F84F293DD02300A35F1E /* Debug */,
				8C85F850293DD02300A35F1E /* Release */,
			);
			defaultConfigurationIsVisible = 0;
			defaultConfigurationName = Release;
		};
		8C85F851293DD02300A35F1E /* Build configuration list for PBXNativeTarget "TikiSdkHostAppTests" */ = {
			isa = XCConfigurationList;
			buildConfigurations = (
				8C85F852293DD02300A35F1E /* Debug */,
				8C85F853293DD02300A35F1E /* Release */,
			);
			defaultConfigurationIsVisible = 0;
			defaultConfigurationName = Release;
		};
		8C85F854293DD02300A35F1E /* Build configuration list for PBXNativeTarget "TikiSdkHostAppUITests" */ = {
			isa = XCConfigurationList;
			buildConfigurations = (
				8C85F855293DD02300A35F1E /* Debug */,
				8C85F856293DD02300A35F1E /* Release */,
			);
			defaultConfigurationIsVisible = 0;
			defaultConfigurationName = Release;
		};
/* End XCConfigurationList section */

/* Begin XCSwiftPackageProductDependency section */
		8CEDC9462949FD2F00916BFA /* TikiSdk */ = {
			isa = XCSwiftPackageProductDependency;
			productName = TikiSdk;
		};
/* End XCSwiftPackageProductDependency section */
	};
	rootObject = 8C85F822293DD02100A35F1E /* Project object */;
}
